// !$*UTF8*$!
{
	archiveVersion = 1;
	classes = {
	};
	objectVersion = 55;
	objects = {

/* Begin PBXBuildFile section */
		843D28DE291A592700229C96 /* IntegrationExampleSwiftUIApp.swift in Sources */ = {isa = PBXBuildFile; fileRef = 843D28DD291A592700229C96 /* IntegrationExampleSwiftUIApp.swift */; };
		843D28E0291A592700229C96 /* ContentView.swift in Sources */ = {isa = PBXBuildFile; fileRef = 843D28DF291A592700229C96 /* ContentView.swift */; };
		843D28E2291A592800229C96 /* Assets.xcassets in Resources */ = {isa = PBXBuildFile; fileRef = 843D28E1291A592800229C96 /* Assets.xcassets */; };
		843D28E5291A592800229C96 /* Preview Assets.xcassets in Resources */ = {isa = PBXBuildFile; fileRef = 843D28E4291A592800229C96 /* Preview Assets.xcassets */; };
		843D28EE291A864E00229C96 /* Utils.swift in Sources */ = {isa = PBXBuildFile; fileRef = 843D28EC291A864E00229C96 /* Utils.swift */; };
		843D28EF291A864E00229C96 /* String+Additions.swift in Sources */ = {isa = PBXBuildFile; fileRef = 843D28ED291A864E00229C96 /* String+Additions.swift */; };
		AD25076D2FE7AA9563472722 /* Pods_IntegrationExampleSwiftUI.framework in Frameworks */ = {isa = PBXBuildFile; fileRef = F7A5504EA4C9784883153FE5 /* Pods_IntegrationExampleSwiftUI.framework */; };
/* End PBXBuildFile section */

/* Begin PBXFileReference section */
		0CB72E69F9A161C03AFBB517 /* Pods-IntegrationExampleSwiftUI.release.xcconfig */ = {isa = PBXFileReference; includeInIndex = 1; lastKnownFileType = text.xcconfig; name = "Pods-IntegrationExampleSwiftUI.release.xcconfig"; path = "Target Support Files/Pods-IntegrationExampleSwiftUI/Pods-IntegrationExampleSwiftUI.release.xcconfig"; sourceTree = "<group>"; };
		843D28DA291A592700229C96 /* IntegrationExampleSwiftUI.app */ = {isa = PBXFileReference; explicitFileType = wrapper.application; includeInIndex = 0; path = IntegrationExampleSwiftUI.app; sourceTree = BUILT_PRODUCTS_DIR; };
		843D28DD291A592700229C96 /* IntegrationExampleSwiftUIApp.swift */ = {isa = PBXFileReference; lastKnownFileType = sourcecode.swift; path = IntegrationExampleSwiftUIApp.swift; sourceTree = "<group>"; };
		843D28DF291A592700229C96 /* ContentView.swift */ = {isa = PBXFileReference; lastKnownFileType = sourcecode.swift; path = ContentView.swift; sourceTree = "<group>"; };
		843D28E1291A592800229C96 /* Assets.xcassets */ = {isa = PBXFileReference; lastKnownFileType = folder.assetcatalog; path = Assets.xcassets; sourceTree = "<group>"; };
		843D28E4291A592800229C96 /* Preview Assets.xcassets */ = {isa = PBXFileReference; lastKnownFileType = folder.assetcatalog; path = "Preview Assets.xcassets"; sourceTree = "<group>"; };
		843D28EC291A864E00229C96 /* Utils.swift */ = {isa = PBXFileReference; fileEncoding = 4; lastKnownFileType = sourcecode.swift; path = Utils.swift; sourceTree = "<group>"; };
		843D28ED291A864E00229C96 /* String+Additions.swift */ = {isa = PBXFileReference; fileEncoding = 4; lastKnownFileType = sourcecode.swift; path = "String+Additions.swift"; sourceTree = "<group>"; };
		866409347DD656B5D89EC6CD /* Pods-IntegrationExampleSwiftUI.debug.xcconfig */ = {isa = PBXFileReference; includeInIndex = 1; lastKnownFileType = text.xcconfig; name = "Pods-IntegrationExampleSwiftUI.debug.xcconfig"; path = "Target Support Files/Pods-IntegrationExampleSwiftUI/Pods-IntegrationExampleSwiftUI.debug.xcconfig"; sourceTree = "<group>"; };
		F7A5504EA4C9784883153FE5 /* Pods_IntegrationExampleSwiftUI.framework */ = {isa = PBXFileReference; explicitFileType = wrapper.framework; includeInIndex = 0; path = Pods_IntegrationExampleSwiftUI.framework; sourceTree = BUILT_PRODUCTS_DIR; };
/* End PBXFileReference section */

/* Begin PBXFrameworksBuildPhase section */
		843D28D7291A592700229C96 /* Frameworks */ = {
			isa = PBXFrameworksBuildPhase;
			buildActionMask = 2147483647;
			files = (
				AD25076D2FE7AA9563472722 /* Pods_IntegrationExampleSwiftUI.framework in Frameworks */,
			);
			runOnlyForDeploymentPostprocessing = 0;
		};
/* End PBXFrameworksBuildPhase section */

/* Begin PBXGroup section */
		252D994CE4EB09E0A88EA417 /* Pods */ = {
			isa = PBXGroup;
			children = (
				866409347DD656B5D89EC6CD /* Pods-IntegrationExampleSwiftUI.debug.xcconfig */,
				0CB72E69F9A161C03AFBB517 /* Pods-IntegrationExampleSwiftUI.release.xcconfig */,
			);
			path = Pods;
			sourceTree = "<group>";
		};
		843D28D1291A592700229C96 = {
			isa = PBXGroup;
			children = (
				843D28DC291A592700229C96 /* IntegrationExampleSwiftUI */,
				843D28DB291A592700229C96 /* Products */,
				252D994CE4EB09E0A88EA417 /* Pods */,
				EE21A134072E4EFF5D7D69EA /* Frameworks */,
			);
			sourceTree = "<group>";
		};
		843D28DB291A592700229C96 /* Products */ = {
			isa = PBXGroup;
			children = (
				843D28DA291A592700229C96 /* IntegrationExampleSwiftUI.app */,
			);
			name = Products;
			sourceTree = "<group>";
		};
		843D28DC291A592700229C96 /* IntegrationExampleSwiftUI */ = {
			isa = PBXGroup;
			children = (
				843D28EB291A864E00229C96 /* Utils */,
				843D28DD291A592700229C96 /* IntegrationExampleSwiftUIApp.swift */,
				843D28DF291A592700229C96 /* ContentView.swift */,
				843D28E1291A592800229C96 /* Assets.xcassets */,
				843D28E3291A592800229C96 /* Preview Content */,
			);
			path = IntegrationExampleSwiftUI;
			sourceTree = "<group>";
		};
		843D28E3291A592800229C96 /* Preview Content */ = {
			isa = PBXGroup;
			children = (
				843D28E4291A592800229C96 /* Preview Assets.xcassets */,
			);
			path = "Preview Content";
			sourceTree = "<group>";
		};
		843D28EB291A864E00229C96 /* Utils */ = {
			isa = PBXGroup;
			children = (
				843D28EC291A864E00229C96 /* Utils.swift */,
				843D28ED291A864E00229C96 /* String+Additions.swift */,
			);
			path = Utils;
			sourceTree = "<group>";
		};
		EE21A134072E4EFF5D7D69EA /* Frameworks */ = {
			isa = PBXGroup;
			children = (
				F7A5504EA4C9784883153FE5 /* Pods_IntegrationExampleSwiftUI.framework */,
			);
			name = Frameworks;
			sourceTree = "<group>";
		};
/* End PBXGroup section */

/* Begin PBXNativeTarget section */
		843D28D9291A592700229C96 /* IntegrationExampleSwiftUI */ = {
			isa = PBXNativeTarget;
			buildConfigurationList = 843D28E8291A592800229C96 /* Build configuration list for PBXNativeTarget "IntegrationExampleSwiftUI" */;
			buildPhases = (
				D048356756214A2E292E26C3 /* [CP] Check Pods Manifest.lock */,
				843D28D6291A592700229C96 /* Sources */,
				843D28D7291A592700229C96 /* Frameworks */,
				843D28D8291A592700229C96 /* Resources */,
				ACCB93B42429203D4F9841FB /* [CP] Embed Pods Frameworks */,
			);
			buildRules = (
			);
			dependencies = (
			);
			name = IntegrationExampleSwiftUI;
			productName = IntegrationExampleSwiftUI;
			productReference = 843D28DA291A592700229C96 /* IntegrationExampleSwiftUI.app */;
			productType = "com.apple.product-type.application";
		};
/* End PBXNativeTarget section */

/* Begin PBXProject section */
		843D28D2291A592700229C96 /* Project object */ = {
			isa = PBXProject;
			attributes = {
				BuildIndependentTargetsInParallel = 1;
				LastSwiftUpdateCheck = 1340;
				LastUpgradeCheck = 1340;
				TargetAttributes = {
					843D28D9291A592700229C96 = {
						CreatedOnToolsVersion = 13.4.1;
					};
				};
			};
			buildConfigurationList = 843D28D5291A592700229C96 /* Build configuration list for PBXProject "IntegrationExampleSwiftUI" */;
			compatibilityVersion = "Xcode 13.0";
			developmentRegion = en;
			hasScannedForEncodings = 0;
			knownRegions = (
				en,
				Base,
			);
			mainGroup = 843D28D1291A592700229C96;
			productRefGroup = 843D28DB291A592700229C96 /* Products */;
			projectDirPath = "";
			projectRoot = "";
			targets = (
				843D28D9291A592700229C96 /* IntegrationExampleSwiftUI */,
			);
		};
/* End PBXProject section */

/* Begin PBXResourcesBuildPhase section */
		843D28D8291A592700229C96 /* Resources */ = {
			isa = PBXResourcesBuildPhase;
			buildActionMask = 2147483647;
			files = (
				843D28E5291A592800229C96 /* Preview Assets.xcassets in Resources */,
				843D28E2291A592800229C96 /* Assets.xcassets in Resources */,
			);
			runOnlyForDeploymentPostprocessing = 0;
		};
/* End PBXResourcesBuildPhase section */

/* Begin PBXShellScriptBuildPhase section */
		ACCB93B42429203D4F9841FB /* [CP] Embed Pods Frameworks */ = {
			isa = PBXShellScriptBuildPhase;
			buildActionMask = 2147483647;
			files = (
			);
			inputFileListPaths = (
				"${PODS_ROOT}/Target Support Files/Pods-IntegrationExampleSwiftUI/Pods-IntegrationExampleSwiftUI-frameworks-${CONFIGURATION}-input-files.xcfilelist",
			);
			name = "[CP] Embed Pods Frameworks";
			outputFileListPaths = (
				"${PODS_ROOT}/Target Support Files/Pods-IntegrationExampleSwiftUI/Pods-IntegrationExampleSwiftUI-frameworks-${CONFIGURATION}-output-files.xcfilelist",
			);
			runOnlyForDeploymentPostprocessing = 0;
			shellPath = /bin/sh;
			shellScript = "\"${PODS_ROOT}/Target Support Files/Pods-IntegrationExampleSwiftUI/Pods-IntegrationExampleSwiftUI-frameworks.sh\"\n";
			showEnvVarsInLog = 0;
		};
		D048356756214A2E292E26C3 /* [CP] Check Pods Manifest.lock */ = {
			isa = PBXShellScriptBuildPhase;
			buildActionMask = 2147483647;
			files = (
			);
			inputFileListPaths = (
			);
			inputPaths = (
				"${PODS_PODFILE_DIR_PATH}/Podfile.lock",
				"${PODS_ROOT}/Manifest.lock",
			);
			name = "[CP] Check Pods Manifest.lock";
			outputFileListPaths = (
			);
			outputPaths = (
				"$(DERIVED_FILE_DIR)/Pods-IntegrationExampleSwiftUI-checkManifestLockResult.txt",
			);
			runOnlyForDeploymentPostprocessing = 0;
			shellPath = /bin/sh;
			shellScript = "diff \"${PODS_PODFILE_DIR_PATH}/Podfile.lock\" \"${PODS_ROOT}/Manifest.lock\" > /dev/null\nif [ $? != 0 ] ; then\n    # print error to STDERR\n    echo \"error: The sandbox is not in sync with the Podfile.lock. Run 'pod install' or update your CocoaPods installation.\" >&2\n    exit 1\nfi\n# This output is used by Xcode 'outputs' to avoid re-running this script phase.\necho \"SUCCESS\" > \"${SCRIPT_OUTPUT_FILE_0}\"\n";
			showEnvVarsInLog = 0;
		};
/* End PBXShellScriptBuildPhase section */

/* Begin PBXSourcesBuildPhase section */
		843D28D6291A592700229C96 /* Sources */ = {
			isa = PBXSourcesBuildPhase;
			buildActionMask = 2147483647;
			files = (
				843D28E0291A592700229C96 /* ContentView.swift in Sources */,
				843D28DE291A592700229C96 /* IntegrationExampleSwiftUIApp.swift in Sources */,
				843D28EF291A864E00229C96 /* String+Additions.swift in Sources */,
				843D28EE291A864E00229C96 /* Utils.swift in Sources */,
			);
			runOnlyForDeploymentPostprocessing = 0;
		};
/* End PBXSourcesBuildPhase section */

/* Begin XCBuildConfiguration section */
		843D28E6291A592800229C96 /* Debug */ = {
			isa = XCBuildConfiguration;
			buildSettings = {
				ALWAYS_SEARCH_USER_PATHS = NO;
				CLANG_ANALYZER_NONNULL = YES;
				CLANG_ANALYZER_NUMBER_OBJECT_CONVERSION = YES_AGGRESSIVE;
				CLANG_CXX_LANGUAGE_STANDARD = "gnu++17";
				CLANG_ENABLE_MODULES = YES;
				CLANG_ENABLE_OBJC_ARC = YES;
				CLANG_ENABLE_OBJC_WEAK = YES;
				CLANG_WARN_BLOCK_CAPTURE_AUTORELEASING = YES;
				CLANG_WARN_BOOL_CONVERSION = YES;
				CLANG_WARN_COMMA = YES;
				CLANG_WARN_CONSTANT_CONVERSION = YES;
				CLANG_WARN_DEPRECATED_OBJC_IMPLEMENTATIONS = YES;
				CLANG_WARN_DIRECT_OBJC_ISA_USAGE = YES_ERROR;
				CLANG_WARN_DOCUMENTATION_COMMENTS = YES;
				CLANG_WARN_EMPTY_BODY = YES;
				CLANG_WARN_ENUM_CONVERSION = YES;
				CLANG_WARN_INFINITE_RECURSION = YES;
				CLANG_WARN_INT_CONVERSION = YES;
				CLANG_WARN_NON_LITERAL_NULL_CONVERSION = YES;
				CLANG_WARN_OBJC_IMPLICIT_RETAIN_SELF = YES;
				CLANG_WARN_OBJC_LITERAL_CONVERSION = YES;
				CLANG_WARN_OBJC_ROOT_CLASS = YES_ERROR;
				CLANG_WARN_QUOTED_INCLUDE_IN_FRAMEWORK_HEADER = YES;
				CLANG_WARN_RANGE_LOOP_ANALYSIS = YES;
				CLANG_WARN_STRICT_PROTOTYPES = YES;
				CLANG_WARN_SUSPICIOUS_MOVE = YES;
				CLANG_WARN_UNGUARDED_AVAILABILITY = YES_AGGRESSIVE;
				CLANG_WARN_UNREACHABLE_CODE = YES;
				CLANG_WARN__DUPLICATE_METHOD_MATCH = YES;
				COPY_PHASE_STRIP = NO;
				DEBUG_INFORMATION_FORMAT = dwarf;
				ENABLE_STRICT_OBJC_MSGSEND = YES;
				ENABLE_TESTABILITY = YES;
				GCC_C_LANGUAGE_STANDARD = gnu11;
				GCC_DYNAMIC_NO_PIC = NO;
				GCC_NO_COMMON_BLOCKS = YES;
				GCC_OPTIMIZATION_LEVEL = 0;
				GCC_PREPROCESSOR_DEFINITIONS = (
					"DEBUG=1",
					"$(inherited)",
				);
				GCC_WARN_64_TO_32_BIT_CONVERSION = YES;
				GCC_WARN_ABOUT_RETURN_TYPE = YES_ERROR;
				GCC_WARN_UNDECLARED_SELECTOR = YES;
				GCC_WARN_UNINITIALIZED_AUTOS = YES_AGGRESSIVE;
				GCC_WARN_UNUSED_FUNCTION = YES;
				GCC_WARN_UNUSED_VARIABLE = YES;
				IPHONEOS_DEPLOYMENT_TARGET = 15.5;
				MTL_ENABLE_DEBUG_INFO = INCLUDE_SOURCE;
				MTL_FAST_MATH = YES;
				ONLY_ACTIVE_ARCH = YES;
				SDKROOT = iphoneos;
				SWIFT_ACTIVE_COMPILATION_CONDITIONS = DEBUG;
				SWIFT_OPTIMIZATION_LEVEL = "-Onone";
			};
			name = Debug;
		};
		843D28E7291A592800229C96 /* Release */ = {
			isa = XCBuildConfiguration;
			buildSettings = {
				ALWAYS_SEARCH_USER_PATHS = NO;
				CLANG_ANALYZER_NONNULL = YES;
				CLANG_ANALYZER_NUMBER_OBJECT_CONVERSION = YES_AGGRESSIVE;
				CLANG_CXX_LANGUAGE_STANDARD = "gnu++17";
				CLANG_ENABLE_MODULES = YES;
				CLANG_ENABLE_OBJC_ARC = YES;
				CLANG_ENABLE_OBJC_WEAK = YES;
				CLANG_WARN_BLOCK_CAPTURE_AUTORELEASING = YES;
				CLANG_WARN_BOOL_CONVERSION = YES;
				CLANG_WARN_COMMA = YES;
				CLANG_WARN_CONSTANT_CONVERSION = YES;
				CLANG_WARN_DEPRECATED_OBJC_IMPLEMENTATIONS = YES;
				CLANG_WARN_DIRECT_OBJC_ISA_USAGE = YES_ERROR;
				CLANG_WARN_DOCUMENTATION_COMMENTS = YES;
				CLANG_WARN_EMPTY_BODY = YES;
				CLANG_WARN_ENUM_CONVERSION = YES;
				CLANG_WARN_INFINITE_RECURSION = YES;
				CLANG_WARN_INT_CONVERSION = YES;
				CLANG_WARN_NON_LITERAL_NULL_CONVERSION = YES;
				CLANG_WARN_OBJC_IMPLICIT_RETAIN_SELF = YES;
				CLANG_WARN_OBJC_LITERAL_CONVERSION = YES;
				CLANG_WARN_OBJC_ROOT_CLASS = YES_ERROR;
				CLANG_WARN_QUOTED_INCLUDE_IN_FRAMEWORK_HEADER = YES;
				CLANG_WARN_RANGE_LOOP_ANALYSIS = YES;
				CLANG_WARN_STRICT_PROTOTYPES = YES;
				CLANG_WARN_SUSPICIOUS_MOVE = YES;
				CLANG_WARN_UNGUARDED_AVAILABILITY = YES_AGGRESSIVE;
				CLANG_WARN_UNREACHABLE_CODE = YES;
				CLANG_WARN__DUPLICATE_METHOD_MATCH = YES;
				COPY_PHASE_STRIP = NO;
				DEBUG_INFORMATION_FORMAT = "dwarf-with-dsym";
				ENABLE_NS_ASSERTIONS = NO;
				ENABLE_STRICT_OBJC_MSGSEND = YES;
				GCC_C_LANGUAGE_STANDARD = gnu11;
				GCC_NO_COMMON_BLOCKS = YES;
				GCC_WARN_64_TO_32_BIT_CONVERSION = YES;
				GCC_WARN_ABOUT_RETURN_TYPE = YES_ERROR;
				GCC_WARN_UNDECLARED_SELECTOR = YES;
				GCC_WARN_UNINITIALIZED_AUTOS = YES_AGGRESSIVE;
				GCC_WARN_UNUSED_FUNCTION = YES;
				GCC_WARN_UNUSED_VARIABLE = YES;
				IPHONEOS_DEPLOYMENT_TARGET = 15.5;
				MTL_ENABLE_DEBUG_INFO = NO;
				MTL_FAST_MATH = YES;
				SDKROOT = iphoneos;
				SWIFT_COMPILATION_MODE = wholemodule;
				SWIFT_OPTIMIZATION_LEVEL = "-O";
				VALIDATE_PRODUCT = YES;
			};
			name = Release;
		};
		843D28E9291A592800229C96 /* Debug */ = {
			isa = XCBuildConfiguration;
			baseConfigurationReference = 866409347DD656B5D89EC6CD /* Pods-IntegrationExampleSwiftUI.debug.xcconfig */;
			buildSettings = {
				ASSETCATALOG_COMPILER_APPICON_NAME = AppIcon;
				ASSETCATALOG_COMPILER_GLOBAL_ACCENT_COLOR_NAME = AccentColor;
				CODE_SIGN_STYLE = Automatic;
				CURRENT_PROJECT_VERSION = 1;
				DEVELOPMENT_ASSET_PATHS = "\"IntegrationExampleSwiftUI/Preview Content\"";
				ENABLE_PREVIEWS = YES;
				GENERATE_INFOPLIST_FILE = YES;
				INFOPLIST_KEY_UIApplicationSceneManifest_Generation = YES;
				INFOPLIST_KEY_UIApplicationSupportsIndirectInputEvents = YES;
				INFOPLIST_KEY_UILaunchScreen_Generation = YES;
				INFOPLIST_KEY_UISupportedInterfaceOrientations_iPad = "UIInterfaceOrientationPortrait UIInterfaceOrientationPortraitUpsideDown UIInterfaceOrientationLandscapeLeft UIInterfaceOrientationLandscapeRight";
				INFOPLIST_KEY_UISupportedInterfaceOrientations_iPhone = "UIInterfaceOrientationPortrait UIInterfaceOrientationLandscapeLeft UIInterfaceOrientationLandscapeRight";
				IPHONEOS_DEPLOYMENT_TARGET = 14.0;
				LD_RUNPATH_SEARCH_PATHS = (
					"$(inherited)",
					"@executable_path/Frameworks",
				);
				MARKETING_VERSION = 1.0;
				PRODUCT_BUNDLE_IDENTIFIER = Ecommpay.IntegrationExampleSwiftUI;
				PRODUCT_NAME = "$(TARGET_NAME)";
				SWIFT_EMIT_LOC_STRINGS = YES;
				SWIFT_VERSION = 5.0;
				TARGETED_DEVICE_FAMILY = "1,2";
			};
			name = Debug;
		};
		843D28EA291A592800229C96 /* Release */ = {
			isa = XCBuildConfiguration;
			baseConfigurationReference = 0CB72E69F9A161C03AFBB517 /* Pods-IntegrationExampleSwiftUI.release.xcconfig */;
			buildSettings = {
				ASSETCATALOG_COMPILER_APPICON_NAME = AppIcon;
				ASSETCATALOG_COMPILER_GLOBAL_ACCENT_COLOR_NAME = AccentColor;
				CODE_SIGN_STYLE = Automatic;
				CURRENT_PROJECT_VERSION = 1;
				DEVELOPMENT_ASSET_PATHS = "\"IntegrationExampleSwiftUI/Preview Content\"";
				ENABLE_PREVIEWS = YES;
				GENERATE_INFOPLIST_FILE = YES;
				INFOPLIST_KEY_UIApplicationSceneManifest_Generation = YES;
				INFOPLIST_KEY_UIApplicationSupportsIndirectInputEvents = YES;
				INFOPLIST_KEY_UILaunchScreen_Generation = YES;
				INFOPLIST_KEY_UISupportedInterfaceOrientations_iPad = "UIInterfaceOrientationPortrait UIInterfaceOrientationPortraitUpsideDown UIInterfaceOrientationLandscapeLeft UIInterfaceOrientationLandscapeRight";
				INFOPLIST_KEY_UISupportedInterfaceOrientations_iPhone = "UIInterfaceOrientationPortrait UIInterfaceOrientationLandscapeLeft UIInterfaceOrientationLandscapeRight";
				IPHONEOS_DEPLOYMENT_TARGET = 14.0;
				LD_RUNPATH_SEARCH_PATHS = (
					"$(inherited)",
					"@executable_path/Frameworks",
				);
				MARKETING_VERSION = 1.0;
				PRODUCT_BUNDLE_IDENTIFIER = Ecommpay.IntegrationExampleSwiftUI;
				PRODUCT_NAME = "$(TARGET_NAME)";
				SWIFT_EMIT_LOC_STRINGS = YES;
				SWIFT_VERSION = 5.0;
				TARGETED_DEVICE_FAMILY = "1,2";
			};
			name = Release;
		};
/* End XCBuildConfiguration section */

/* Begin XCConfigurationList section */
		843D28D5291A592700229C96 /* Build configuration list for PBXProject "IntegrationExampleSwiftUI" */ = {
			isa = XCConfigurationList;
			buildConfigurations = (
				843D28E6291A592800229C96 /* Debug */,
				843D28E7291A592800229C96 /* Release */,
			);
			defaultConfigurationIsVisible = 0;
			defaultConfigurationName = Release;
		};
		843D28E8291A592800229C96 /* Build configuration list for PBXNativeTarget "IntegrationExampleSwiftUI" */ = {
			isa = XCConfigurationList;
			buildConfigurations = (
				843D28E9291A592800229C96 /* Debug */,
				843D28EA291A592800229C96 /* Release */,
			);
			defaultConfigurationIsVisible = 0;
			defaultConfigurationName = Release;
		};
/* End XCConfigurationList section */
	};
	rootObject = 843D28D2291A592700229C96 /* Project object */;
}
