// !$*UTF8*$!
{
	archiveVersion = 1;
	classes = {
	};
	objectVersion = 55;
	objects = {

/* Begin PBXAggregateTarget section */
		84EFA183287818230043C360 /* build-ecommpay-release */ = {
			isa = PBXAggregateTarget;
			buildConfigurationList = 84EFA188287818230043C360 /* Build configuration list for PBXAggregateTarget "build-ecommpay-release" */;
			buildPhases = (
				84EFA189287818370043C360 /* ShellScript */,
			);
			dependencies = (
			);
			name = "build-ecommpay-release";
			productName = "build-ecommpay-release";
		};
/* End PBXAggregateTarget section */

/* Begin PBXBuildFile section */
		117DD54429652DFFBFCCFF39 /* libPods-ecommpaySDK-Dev.a in Frameworks */ = {isa = PBXBuildFile; fileRef = 392689734B09620B5E2EE120 /* libPods-ecommpaySDK-Dev.a */; };
		52E8D714350D65989B729E90 /* libPods-ecommpaySDK.a in Frameworks */ = {isa = PBXBuildFile; fileRef = AFC11FD991DC24C20174896D /* libPods-ecommpaySDK.a */; };
		8403057128B7B9A400DE38D3 /* libmobileSDK.UI.a in Frameworks */ = {isa = PBXBuildFile; fileRef = 84BC13F1285208A3008814EB /* libmobileSDK.UI.a */; };
		8403057228B7B9A400DE38D3 /* libmobileSDK.UI.a in Embed Frameworks */ = {isa = PBXBuildFile; fileRef = 84BC13F1285208A3008814EB /* libmobileSDK.UI.a */; settings = {ATTRIBUTES = (CodeSignOnCopy, RemoveHeadersOnCopy, ); }; };
		840704C928D8850600DBD249 /* ContainerViewController.swift in Sources */ = {isa = PBXBuildFile; fileRef = 840704C828D8850600DBD249 /* ContainerViewController.swift */; };
		840704CA28D8850600DBD249 /* ContainerViewController.swift in Sources */ = {isa = PBXBuildFile; fileRef = 840704C828D8850600DBD249 /* ContainerViewController.swift */; };
		8421F8E0288EB9BA00B6EED2 /* PaymentMethodCardType.swift in Sources */ = {isa = PBXBuildFile; fileRef = 8421F8DF288EB9BA00B6EED2 /* PaymentMethodCardType.swift */; };
		8421F8E7288EBFA400B6EED2 /* PayInteractorWrapper.swift in Sources */ = {isa = PBXBuildFile; fileRef = 8421F8E6288EBFA400B6EED2 /* PayInteractorWrapper.swift */; };
		8421F8E9288EBFF300B6EED2 /* PayRequestFactory.swift in Sources */ = {isa = PBXBuildFile; fileRef = 8421F8E8288EBFF300B6EED2 /* PayRequestFactory.swift */; };
		8421F8EF288FC20E00B6EED2 /* CardTypesManager.swift in Sources */ = {isa = PBXBuildFile; fileRef = 8421F8EE288FC20E00B6EED2 /* CardTypesManager.swift */; };
		845507D3285B0463002BBFE0 /* SDKInteractor.swift in Sources */ = {isa = PBXBuildFile; fileRef = 845507BC285B0463002BBFE0 /* SDKInteractor.swift */; };
		845507D4285B0463002BBFE0 /* PaymentResult.swift in Sources */ = {isa = PBXBuildFile; fileRef = 845507BD285B0463002BBFE0 /* PaymentResult.swift */; };
		845507D7285B0463002BBFE0 /* PaymentOptions.swift in Sources */ = {isa = PBXBuildFile; fileRef = 845507C2285B0463002BBFE0 /* PaymentOptions.swift */; };
		845507D8285B0463002BBFE0 /* Payment.swift in Sources */ = {isa = PBXBuildFile; fileRef = 845507C3285B0463002BBFE0 /* Payment.swift */; };
		845507D9285B0463002BBFE0 /* EcommpaySDK.swift in Sources */ = {isa = PBXBuildFile; fileRef = 845507C5285B0463002BBFE0 /* EcommpaySDK.swift */; };
		845507DC285B0463002BBFE0 /* EcommpaySDK.h in Headers */ = {isa = PBXBuildFile; fileRef = 845507C8285B0463002BBFE0 /* EcommpaySDK.h */; };
		845507DD285B0463002BBFE0 /* ScreenDisplayMode.swift in Sources */ = {isa = PBXBuildFile; fileRef = 845507C9285B0463002BBFE0 /* ScreenDisplayMode.swift */; };
		849C533528BF62C800C1CF71 /* EcommpaySDK.h in Headers */ = {isa = PBXBuildFile; fileRef = 845507C8285B0463002BBFE0 /* EcommpaySDK.h */; };
		849C533628BF62C800C1CF71 /* mobileSDK_Facade.h in Headers */ = {isa = PBXBuildFile; fileRef = 84BC13D12852086E008814EB /* mobileSDK_Facade.h */; settings = {ATTRIBUTES = (Public, ); }; };
		849C533828BF62C800C1CF71 /* BaseDelegateProxy.swift in Sources */ = {isa = PBXBuildFile; fileRef = 84B241A028896AB200259A50 /* BaseDelegateProxy.swift */; };
		849C533928BF62C800C1CF71 /* FieldType.swift in Sources */ = {isa = PBXBuildFile; fileRef = 84A35C4E2893B2A20037A604 /* FieldType.swift */; };
		849C533A28BF62C800C1CF71 /* RecipientInfo.swift in Sources */ = {isa = PBXBuildFile; fileRef = 84D87CEE285C88770009FD38 /* RecipientInfo.swift */; };
		849C533B28BF62C800C1CF71 /* PayRequestFactory.swift in Sources */ = {isa = PBXBuildFile; fileRef = 8421F8E8288EBFF300B6EED2 /* PayRequestFactory.swift */; };
		849C533C28BF62C800C1CF71 /* ScreenDisplayMode.swift in Sources */ = {isa = PBXBuildFile; fileRef = 845507C9285B0463002BBFE0 /* ScreenDisplayMode.swift */; };
		849C533D28BF62C800C1CF71 /* PaymentResult.swift in Sources */ = {isa = PBXBuildFile; fileRef = 845507BD285B0463002BBFE0 /* PaymentResult.swift */; };
		849C533E28BF62C800C1CF71 /* PayInteractorWrapper.swift in Sources */ = {isa = PBXBuildFile; fileRef = 8421F8E6288EBFA400B6EED2 /* PayInteractorWrapper.swift */; };
		849C533F28BF62C800C1CF71 /* CardTypesManager.swift in Sources */ = {isa = PBXBuildFile; fileRef = 8421F8EE288FC20E00B6EED2 /* CardTypesManager.swift */; };
		849C534028BF62C800C1CF71 /* NetworkConfig.swift in Sources */ = {isa = PBXBuildFile; fileRef = 84B2416E2887D83C00259A50 /* NetworkConfig.swift */; };
		849C534128BF62C800C1CF71 /* PayDelegateProxy.swift in Sources */ = {isa = PBXBuildFile; fileRef = 84B241822889069A00259A50 /* PayDelegateProxy.swift */; };
		849C534228BF62C800C1CF71 /* AdditionalField.swift in Sources */ = {isa = PBXBuildFile; fileRef = 84D87CE3285C7F8D0009FD38 /* AdditionalField.swift */; };
		849C534328BF62C800C1CF71 /* AdditionalFieldEnums.swift in Sources */ = {isa = PBXBuildFile; fileRef = 84D87CE5285C7FC50009FD38 /* AdditionalFieldEnums.swift */; };
		849C534428BF62C800C1CF71 /* InitDelegateProxy.swift in Sources */ = {isa = PBXBuildFile; fileRef = 84F705C4287C534300E7CD12 /* InitDelegateProxy.swift */; };
		849C534528BF62C800C1CF71 /* PaymentOptions.swift in Sources */ = {isa = PBXBuildFile; fileRef = 845507C2285B0463002BBFE0 /* PaymentOptions.swift */; };
		849C534628BF62C800C1CF71 /* ECMPConfigDev.swift in Sources */ = {isa = PBXBuildFile; fileRef = 84B241672887D83C00259A50 /* ECMPConfigDev.swift */; };
		849C534728BF62C800C1CF71 /* CardRemoveWrapper.swift in Sources */ = {isa = PBXBuildFile; fileRef = 84EA605A28BF27EC008D4CC2 /* CardRemoveWrapper.swift */; };
		849C534828BF62C800C1CF71 /* ProtocolConformance.swift in Sources */ = {isa = PBXBuildFile; fileRef = 84B2419E2889653500259A50 /* ProtocolConformance.swift */; };
		849C534928BF62C800C1CF71 /* Payment.swift in Sources */ = {isa = PBXBuildFile; fileRef = 845507C3285B0463002BBFE0 /* Payment.swift */; };
		849C534A28BF62C800C1CF71 /* PaymentMethodType.swift in Sources */ = {isa = PBXBuildFile; fileRef = 84B241A7288A61B700259A50 /* PaymentMethodType.swift */; };
		849C534B28BF62C800C1CF71 /* CoreErrorCode.swift in Sources */ = {isa = PBXBuildFile; fileRef = 84EFA163287708850043C360 /* CoreErrorCode.swift */; };
		849C534C28BF62C800C1CF71 /* SDKInteractor.swift in Sources */ = {isa = PBXBuildFile; fileRef = 845507BC285B0463002BBFE0 /* SDKInteractor.swift */; };
		849C534D28BF62C800C1CF71 /* EcommpaySDK.swift in Sources */ = {isa = PBXBuildFile; fileRef = 845507C5285B0463002BBFE0 /* EcommpaySDK.swift */; };
		849C534E28BF62C800C1CF71 /* PaymentMethodCardType.swift in Sources */ = {isa = PBXBuildFile; fileRef = 8421F8DF288EB9BA00B6EED2 /* PaymentMethodCardType.swift */; };
		849C535128BF62C800C1CF71 /* libmobileSDK.UI.a in Frameworks */ = {isa = PBXBuildFile; fileRef = 84BC13F1285208A3008814EB /* libmobileSDK.UI.a */; };
		849C535428BF62C800C1CF71 /* libmobileSDK.UI.a in Embed Frameworks */ = {isa = PBXBuildFile; fileRef = 84BC13F1285208A3008814EB /* libmobileSDK.UI.a */; settings = {ATTRIBUTES = (CodeSignOnCopy, RemoveHeadersOnCopy, ); }; };
		84A35C4F2893B2A20037A604 /* FieldType.swift in Sources */ = {isa = PBXBuildFile; fileRef = 84A35C4E2893B2A20037A604 /* FieldType.swift */; };
		84B241702887D83C00259A50 /* ECMPConfigDev.swift in Sources */ = {isa = PBXBuildFile; fileRef = 84B241672887D83C00259A50 /* ECMPConfigDev.swift */; };
		84B241772887D83C00259A50 /* NetworkConfig.swift in Sources */ = {isa = PBXBuildFile; fileRef = 84B2416E2887D83C00259A50 /* NetworkConfig.swift */; };
		84B241832889069A00259A50 /* PayDelegateProxy.swift in Sources */ = {isa = PBXBuildFile; fileRef = 84B241822889069A00259A50 /* PayDelegateProxy.swift */; };
		84B2419F2889653500259A50 /* ProtocolConformance.swift in Sources */ = {isa = PBXBuildFile; fileRef = 84B2419E2889653500259A50 /* ProtocolConformance.swift */; };
		84B241A128896AB200259A50 /* BaseDelegateProxy.swift in Sources */ = {isa = PBXBuildFile; fileRef = 84B241A028896AB200259A50 /* BaseDelegateProxy.swift */; };
		84B241A8288A61B700259A50 /* PaymentMethodType.swift in Sources */ = {isa = PBXBuildFile; fileRef = 84B241A7288A61B700259A50 /* PaymentMethodType.swift */; };
		84BC4F58285843C800CD7EA5 /* mobileSDK_Facade.h in Headers */ = {isa = PBXBuildFile; fileRef = 84BC13D12852086E008814EB /* mobileSDK_Facade.h */; settings = {ATTRIBUTES = (Public, ); }; };
		84C87CFB28CF1BFD00B684DE /* CardTypesLogo.xcassets in Resources */ = {isa = PBXBuildFile; fileRef = 84C87CF528CF1BFD00B684DE /* CardTypesLogo.xcassets */; };
		84C87CFC28CF1BFD00B684DE /* CardTypesLogo.xcassets in Resources */ = {isa = PBXBuildFile; fileRef = 84C87CF528CF1BFD00B684DE /* CardTypesLogo.xcassets */; };
		84C87CFF28CF1BFD00B684DE /* APSIcons.xcassets in Resources */ = {isa = PBXBuildFile; fileRef = 84C87CF728CF1BFD00B684DE /* APSIcons.xcassets */; };
		84C87D0028CF1BFD00B684DE /* APSIcons.xcassets in Resources */ = {isa = PBXBuildFile; fileRef = 84C87CF728CF1BFD00B684DE /* APSIcons.xcassets */; };
		84C87D0128CF1BFD00B684DE /* CommonSDKAssets.xcassets in Resources */ = {isa = PBXBuildFile; fileRef = 84C87CF828CF1BFD00B684DE /* CommonSDKAssets.xcassets */; };
		84C87D0228CF1BFD00B684DE /* CommonSDKAssets.xcassets in Resources */ = {isa = PBXBuildFile; fileRef = 84C87CF828CF1BFD00B684DE /* CommonSDKAssets.xcassets */; };
		84D87CE4285C7F8D0009FD38 /* AdditionalField.swift in Sources */ = {isa = PBXBuildFile; fileRef = 84D87CE3285C7F8D0009FD38 /* AdditionalField.swift */; };
		84D87CE6285C7FC50009FD38 /* AdditionalFieldEnums.swift in Sources */ = {isa = PBXBuildFile; fileRef = 84D87CE5285C7FC50009FD38 /* AdditionalFieldEnums.swift */; };
		84D87CEF285C88770009FD38 /* RecipientInfo.swift in Sources */ = {isa = PBXBuildFile; fileRef = 84D87CEE285C88770009FD38 /* RecipientInfo.swift */; };
		84EA605B28BF27EC008D4CC2 /* CardRemoveWrapper.swift in Sources */ = {isa = PBXBuildFile; fileRef = 84EA605A28BF27EC008D4CC2 /* CardRemoveWrapper.swift */; };
		84EFA164287708850043C360 /* CoreErrorCode.swift in Sources */ = {isa = PBXBuildFile; fileRef = 84EFA163287708850043C360 /* CoreErrorCode.swift */; };
		84F705C5287C534300E7CD12 /* InitDelegateProxy.swift in Sources */ = {isa = PBXBuildFile; fileRef = 84F705C4287C534300E7CD12 /* InitDelegateProxy.swift */; };
/* End PBXBuildFile section */

/* Begin PBXContainerItemProxy section */
		8403056E28B7B97F00DE38D3 /* PBXContainerItemProxy */ = {
			isa = PBXContainerItemProxy;
			containerPortal = 84BC13EC285208A3008814EB /* mobileSDK.UI.xcodeproj */;
			proxyType = 1;
			remoteGlobalIDString = 84C87C4B28CB45B900B684DE;
			remoteInfo = mobileSDK.UI;
		};
		849C533128BF62C800C1CF71 /* PBXContainerItemProxy */ = {
			isa = PBXContainerItemProxy;
			containerPortal = 84BC13EC285208A3008814EB /* mobileSDK.UI.xcodeproj */;
			proxyType = 1;
			remoteGlobalIDString = 84C87C4B28CB45B900B684DE;
			remoteInfo = mobileSDK.UI;
		};
		84A0F16B28748493005F81DE /* PBXContainerItemProxy */ = {
			isa = PBXContainerItemProxy;
			containerPortal = 84BC13EC285208A3008814EB /* mobileSDK.UI.xcodeproj */;
			proxyType = 2;
			remoteGlobalIDString = 84A0F13828746596005F81DE;
			remoteInfo = UIPreview;
		};
		84BC13F0285208A3008814EB /* PBXContainerItemProxy */ = {
			isa = PBXContainerItemProxy;
			containerPortal = 84BC13EC285208A3008814EB /* mobileSDK.UI.xcodeproj */;
			proxyType = 2;
			remoteGlobalIDString = 84BC13E22852088F008814EB;
			remoteInfo = mobileSDK.UI;
		};
/* End PBXContainerItemProxy section */

/* Begin PBXCopyFilesBuildPhase section */
		8403057328B7B9A400DE38D3 /* Embed Frameworks */ = {
			isa = PBXCopyFilesBuildPhase;
			buildActionMask = 2147483647;
			dstPath = "";
			dstSubfolderSpec = 11;
			files = (
				8403057228B7B9A400DE38D3 /* libmobileSDK.UI.a in Embed Frameworks */,
			);
			name = "Embed Frameworks";
			runOnlyForDeploymentPostprocessing = 0;
		};
		849C535328BF62C800C1CF71 /* Embed Frameworks */ = {
			isa = PBXCopyFilesBuildPhase;
			buildActionMask = 2147483647;
			dstPath = "";
			dstSubfolderSpec = 11;
			files = (
				849C535428BF62C800C1CF71 /* libmobileSDK.UI.a in Embed Frameworks */,
			);
			name = "Embed Frameworks";
			runOnlyForDeploymentPostprocessing = 0;
		};
/* End PBXCopyFilesBuildPhase section */

/* Begin PBXFileReference section */
		119C15A21DAE55532E011759 /* Pods-ecommpaySDK-Dev.release.xcconfig */ = {isa = PBXFileReference; includeInIndex = 1; lastKnownFileType = text.xcconfig; name = "Pods-ecommpaySDK-Dev.release.xcconfig"; path = "Target Support Files/Pods-ecommpaySDK-Dev/Pods-ecommpaySDK-Dev.release.xcconfig"; sourceTree = "<group>"; };
		392689734B09620B5E2EE120 /* libPods-ecommpaySDK-Dev.a */ = {isa = PBXFileReference; explicitFileType = archive.ar; includeInIndex = 0; path = "libPods-ecommpaySDK-Dev.a"; sourceTree = BUILT_PRODUCTS_DIR; };
		408C395B26A4DF37C8BBB1D3 /* Pods-ecommpaySDK.release.xcconfig */ = {isa = PBXFileReference; includeInIndex = 1; lastKnownFileType = text.xcconfig; name = "Pods-ecommpaySDK.release.xcconfig"; path = "Target Support Files/Pods-ecommpaySDK/Pods-ecommpaySDK.release.xcconfig"; sourceTree = "<group>"; };
		840704C828D8850600DBD249 /* ContainerViewController.swift */ = {isa = PBXFileReference; lastKnownFileType = sourcecode.swift; path = ContainerViewController.swift; sourceTree = "<group>"; };
		8421F8DF288EB9BA00B6EED2 /* PaymentMethodCardType.swift */ = {isa = PBXFileReference; lastKnownFileType = sourcecode.swift; path = PaymentMethodCardType.swift; sourceTree = "<group>"; };
		8421F8E6288EBFA400B6EED2 /* PayInteractorWrapper.swift */ = {isa = PBXFileReference; lastKnownFileType = sourcecode.swift; path = PayInteractorWrapper.swift; sourceTree = "<group>"; };
		8421F8E8288EBFF300B6EED2 /* PayRequestFactory.swift */ = {isa = PBXFileReference; lastKnownFileType = sourcecode.swift; path = PayRequestFactory.swift; sourceTree = "<group>"; };
		8421F8EE288FC20E00B6EED2 /* CardTypesManager.swift */ = {isa = PBXFileReference; lastKnownFileType = sourcecode.swift; path = CardTypesManager.swift; sourceTree = "<group>"; };
		845507BC285B0463002BBFE0 /* SDKInteractor.swift */ = {isa = PBXFileReference; fileEncoding = 4; lastKnownFileType = sourcecode.swift; path = SDKInteractor.swift; sourceTree = "<group>"; };
		845507BD285B0463002BBFE0 /* PaymentResult.swift */ = {isa = PBXFileReference; fileEncoding = 4; lastKnownFileType = sourcecode.swift; path = PaymentResult.swift; sourceTree = "<group>"; };
		845507C2285B0463002BBFE0 /* PaymentOptions.swift */ = {isa = PBXFileReference; fileEncoding = 4; lastKnownFileType = sourcecode.swift; path = PaymentOptions.swift; sourceTree = "<group>"; };
		845507C3285B0463002BBFE0 /* Payment.swift */ = {isa = PBXFileReference; fileEncoding = 4; lastKnownFileType = sourcecode.swift; path = Payment.swift; sourceTree = "<group>"; };
		845507C5285B0463002BBFE0 /* EcommpaySDK.swift */ = {isa = PBXFileReference; fileEncoding = 4; lastKnownFileType = sourcecode.swift; path = EcommpaySDK.swift; sourceTree = "<group>"; };
		845507C8285B0463002BBFE0 /* EcommpaySDK.h */ = {isa = PBXFileReference; fileEncoding = 4; lastKnownFileType = sourcecode.c.h; path = EcommpaySDK.h; sourceTree = "<group>"; };
		845507C9285B0463002BBFE0 /* ScreenDisplayMode.swift */ = {isa = PBXFileReference; fileEncoding = 4; lastKnownFileType = sourcecode.swift; path = ScreenDisplayMode.swift; sourceTree = "<group>"; };
		849C535828BF62C800C1CF71 /* ecommpaySDK.framework */ = {isa = PBXFileReference; explicitFileType = wrapper.framework; includeInIndex = 0; path = ecommpaySDK.framework; sourceTree = BUILT_PRODUCTS_DIR; };
		84A35C4E2893B2A20037A604 /* FieldType.swift */ = {isa = PBXFileReference; lastKnownFileType = sourcecode.swift; path = FieldType.swift; sourceTree = "<group>"; };
		84B241672887D83C00259A50 /* ECMPConfigDev.swift */ = {isa = PBXFileReference; fileEncoding = 4; lastKnownFileType = sourcecode.swift; path = ECMPConfigDev.swift; sourceTree = "<group>"; };
		84B2416D2887D83C00259A50 /* ECMPConfig.swift */ = {isa = PBXFileReference; fileEncoding = 4; lastKnownFileType = sourcecode.swift; path = ECMPConfig.swift; sourceTree = "<group>"; };
		84B2416E2887D83C00259A50 /* NetworkConfig.swift */ = {isa = PBXFileReference; fileEncoding = 4; lastKnownFileType = sourcecode.swift; path = NetworkConfig.swift; sourceTree = "<group>"; };
		84B241822889069A00259A50 /* PayDelegateProxy.swift */ = {isa = PBXFileReference; lastKnownFileType = sourcecode.swift; path = PayDelegateProxy.swift; sourceTree = "<group>"; };
		84B2419E2889653500259A50 /* ProtocolConformance.swift */ = {isa = PBXFileReference; lastKnownFileType = sourcecode.swift; path = ProtocolConformance.swift; sourceTree = "<group>"; };
		84B241A028896AB200259A50 /* BaseDelegateProxy.swift */ = {isa = PBXFileReference; lastKnownFileType = sourcecode.swift; path = BaseDelegateProxy.swift; sourceTree = "<group>"; };
		84B241A7288A61B700259A50 /* PaymentMethodType.swift */ = {isa = PBXFileReference; lastKnownFileType = sourcecode.swift; path = PaymentMethodType.swift; sourceTree = "<group>"; };
		84BC13D12852086E008814EB /* mobileSDK_Facade.h */ = {isa = PBXFileReference; lastKnownFileType = sourcecode.c.h; path = mobileSDK_Facade.h; sourceTree = "<group>"; };
		84BC13EC285208A3008814EB /* mobileSDK.UI.xcodeproj */ = {isa = PBXFileReference; lastKnownFileType = "wrapper.pb-project"; name = mobileSDK.UI.xcodeproj; path = ../mobileSDK.UI/mobileSDK.UI.xcodeproj; sourceTree = "<group>"; };
		84BC4F63285843C800CD7EA5 /* ecommpaySDK.framework */ = {isa = PBXFileReference; explicitFileType = wrapper.framework; includeInIndex = 0; path = ecommpaySDK.framework; sourceTree = BUILT_PRODUCTS_DIR; };
		84C87CF528CF1BFD00B684DE /* CardTypesLogo.xcassets */ = {isa = PBXFileReference; lastKnownFileType = folder.assetcatalog; path = CardTypesLogo.xcassets; sourceTree = "<group>"; };
		84C87CF728CF1BFD00B684DE /* APSIcons.xcassets */ = {isa = PBXFileReference; lastKnownFileType = folder.assetcatalog; path = APSIcons.xcassets; sourceTree = "<group>"; };
		84C87CF828CF1BFD00B684DE /* CommonSDKAssets.xcassets */ = {isa = PBXFileReference; lastKnownFileType = folder.assetcatalog; path = CommonSDKAssets.xcassets; sourceTree = "<group>"; };
		84D87CE3285C7F8D0009FD38 /* AdditionalField.swift */ = {isa = PBXFileReference; fileEncoding = 4; lastKnownFileType = sourcecode.swift; path = AdditionalField.swift; sourceTree = "<group>"; };
		84D87CE5285C7FC50009FD38 /* AdditionalFieldEnums.swift */ = {isa = PBXFileReference; fileEncoding = 4; lastKnownFileType = sourcecode.swift; path = AdditionalFieldEnums.swift; sourceTree = "<group>"; };
		84D87CEE285C88770009FD38 /* RecipientInfo.swift */ = {isa = PBXFileReference; fileEncoding = 4; lastKnownFileType = sourcecode.swift; path = RecipientInfo.swift; sourceTree = "<group>"; };
		84EA605A28BF27EC008D4CC2 /* CardRemoveWrapper.swift */ = {isa = PBXFileReference; lastKnownFileType = sourcecode.swift; path = CardRemoveWrapper.swift; sourceTree = "<group>"; };
		84EFA163287708850043C360 /* CoreErrorCode.swift */ = {isa = PBXFileReference; lastKnownFileType = sourcecode.swift; path = CoreErrorCode.swift; sourceTree = "<group>"; };
		84F705C4287C534300E7CD12 /* InitDelegateProxy.swift */ = {isa = PBXFileReference; lastKnownFileType = sourcecode.swift; path = InitDelegateProxy.swift; sourceTree = "<group>"; };
		AFC11FD991DC24C20174896D /* libPods-ecommpaySDK.a */ = {isa = PBXFileReference; explicitFileType = archive.ar; includeInIndex = 0; path = "libPods-ecommpaySDK.a"; sourceTree = BUILT_PRODUCTS_DIR; };
		B45AAD86544872143E266B62 /* Pods-ecommpaySDK.debug.xcconfig */ = {isa = PBXFileReference; includeInIndex = 1; lastKnownFileType = text.xcconfig; name = "Pods-ecommpaySDK.debug.xcconfig"; path = "Target Support Files/Pods-ecommpaySDK/Pods-ecommpaySDK.debug.xcconfig"; sourceTree = "<group>"; };
		F58530AA83313593FD256B22 /* Pods-ecommpaySDK-Dev.debug.xcconfig */ = {isa = PBXFileReference; includeInIndex = 1; lastKnownFileType = text.xcconfig; name = "Pods-ecommpaySDK-Dev.debug.xcconfig"; path = "Target Support Files/Pods-ecommpaySDK-Dev/Pods-ecommpaySDK-Dev.debug.xcconfig"; sourceTree = "<group>"; };
/* End PBXFileReference section */

/* Begin PBXFrameworksBuildPhase section */
		849C534F28BF62C800C1CF71 /* Frameworks */ = {
			isa = PBXFrameworksBuildPhase;
			buildActionMask = 2147483647;
			files = (
				849C535128BF62C800C1CF71 /* libmobileSDK.UI.a in Frameworks */,
				52E8D714350D65989B729E90 /* libPods-ecommpaySDK.a in Frameworks */,
			);
			runOnlyForDeploymentPostprocessing = 0;
		};
		84BC4F5A285843C800CD7EA5 /* Frameworks */ = {
			isa = PBXFrameworksBuildPhase;
			buildActionMask = 2147483647;
			files = (
				8403057128B7B9A400DE38D3 /* libmobileSDK.UI.a in Frameworks */,
				117DD54429652DFFBFCCFF39 /* libPods-ecommpaySDK-Dev.a in Frameworks */,
			);
			runOnlyForDeploymentPostprocessing = 0;
		};
/* End PBXFrameworksBuildPhase section */

/* Begin PBXGroup section */
		8421F8E5288EBF8700B6EED2 /* PayInteractorWrapper */ = {
			isa = PBXGroup;
			children = (
				8421F8E6288EBFA400B6EED2 /* PayInteractorWrapper.swift */,
				8421F8E8288EBFF300B6EED2 /* PayRequestFactory.swift */,
			);
			path = PayInteractorWrapper;
			sourceTree = "<group>";
		};
		8421F8ED288FC1FF00B6EED2 /* CardTypesManagerAdapter */ = {
			isa = PBXGroup;
			children = (
				8421F8EE288FC20E00B6EED2 /* CardTypesManager.swift */,
			);
			path = CardTypesManagerAdapter;
			sourceTree = "<group>";
		};
		845507B6285B0463002BBFE0 /* Facade */ = {
			isa = PBXGroup;
			children = (
				845507B8285B0463002BBFE0 /* Internal */,
				845507C0285B0463002BBFE0 /* PublicApi */,
			);
			path = Facade;
			sourceTree = "<group>";
		};
		845507B8285B0463002BBFE0 /* Internal */ = {
			isa = PBXGroup;
			children = (
				84B241A2288A5AD900259A50 /* Core */,
				84B241652887D83C00259A50 /* Config */,
				845507BC285B0463002BBFE0 /* SDKInteractor.swift */,
				845507BD285B0463002BBFE0 /* PaymentResult.swift */,
				840704C828D8850600DBD249 /* ContainerViewController.swift */,
			);
			path = Internal;
			sourceTree = "<group>";
		};
		845507C0285B0463002BBFE0 /* PublicApi */ = {
			isa = PBXGroup;
			children = (
				845507C1285B0463002BBFE0 /* Common */,
				845507C4285B0463002BBFE0 /* Ecommpay */,
			);
			path = PublicApi;
			sourceTree = "<group>";
		};
		845507C1285B0463002BBFE0 /* Common */ = {
			isa = PBXGroup;
			children = (
				845507C9285B0463002BBFE0 /* ScreenDisplayMode.swift */,
				84D87CEE285C88770009FD38 /* RecipientInfo.swift */,
				84D87CE3285C7F8D0009FD38 /* AdditionalField.swift */,
				84D87CE5285C7FC50009FD38 /* AdditionalFieldEnums.swift */,
				845507C2285B0463002BBFE0 /* PaymentOptions.swift */,
				845507C3285B0463002BBFE0 /* Payment.swift */,
			);
			path = Common;
			sourceTree = "<group>";
		};
		845507C4285B0463002BBFE0 /* Ecommpay */ = {
			isa = PBXGroup;
			children = (
				845507C5285B0463002BBFE0 /* EcommpaySDK.swift */,
				845507C8285B0463002BBFE0 /* EcommpaySDK.h */,
			);
			path = Ecommpay;
			sourceTree = "<group>";
		};
		84AFF7CF285208CD00E6F1DE /* Frameworks */ = {
			isa = PBXGroup;
			children = (
				AFC11FD991DC24C20174896D /* libPods-ecommpaySDK.a */,
				392689734B09620B5E2EE120 /* libPods-ecommpaySDK-Dev.a */,
			);
			name = Frameworks;
			sourceTree = "<group>";
		};
		84B241652887D83C00259A50 /* Config */ = {
			isa = PBXGroup;
			children = (
				84B241672887D83C00259A50 /* ECMPConfigDev.swift */,
				84B2416D2887D83C00259A50 /* ECMPConfig.swift */,
				84B2416E2887D83C00259A50 /* NetworkConfig.swift */,
			);
			path = Config;
			sourceTree = "<group>";
		};
		84B241A2288A5AD900259A50 /* Core */ = {
			isa = PBXGroup;
			children = (
				84EA605A28BF27EC008D4CC2 /* CardRemoveWrapper.swift */,
				8421F8ED288FC1FF00B6EED2 /* CardTypesManagerAdapter */,
				8421F8E5288EBF8700B6EED2 /* PayInteractorWrapper */,
				84B2419E2889653500259A50 /* ProtocolConformance.swift */,
				84F705C1287C531F00E7CD12 /* CoreDelegates */,
				84EFA1602877086C0043C360 /* CoreAdaptersAndConverters */,
			);
			path = Core;
			sourceTree = "<group>";
		};
		84BC13C42852086E008814EB = {
			isa = PBXGroup;
			children = (
				84BC13EC285208A3008814EB /* mobileSDK.UI.xcodeproj */,
				84BC13D02852086E008814EB /* mobileSDK.Facade */,
				84BC13CF2852086E008814EB /* Products */,
				84AFF7CF285208CD00E6F1DE /* Frameworks */,
				A8D1A50F419F48AE820968C2 /* Pods */,
			);
			sourceTree = "<group>";
		};
		84BC13CF2852086E008814EB /* Products */ = {
			isa = PBXGroup;
			children = (
				84BC4F63285843C800CD7EA5 /* ecommpaySDK.framework */,
				849C535828BF62C800C1CF71 /* ecommpaySDK.framework */,
			);
			name = Products;
			sourceTree = "<group>";
		};
		84BC13D02852086E008814EB /* mobileSDK.Facade */ = {
			isa = PBXGroup;
			children = (
				84C87CF428CF1BFD00B684DE /* Assets */,
				845507B6285B0463002BBFE0 /* Facade */,
				84BC13D12852086E008814EB /* mobileSDK_Facade.h */,
			);
			path = mobileSDK.Facade;
			sourceTree = "<group>";
		};
		84BC13ED285208A3008814EB /* Products */ = {
			isa = PBXGroup;
			children = (
				84A0F16C28748493005F81DE /* mobileSDK.UI.app */,
				84BC13F1285208A3008814EB /* libmobileSDK.UI.a */,
			);
			name = Products;
			sourceTree = "<group>";
		};
		84C87CF428CF1BFD00B684DE /* Assets */ = {
			isa = PBXGroup;
			children = (
				84C87D1028CF1BFD00B684DE /* Ecommpay */,
			);
			path = Assets;
			sourceTree = "<group>";
		};
		84C87D1028CF1BFD00B684DE /* Ecommpay */ = {
			isa = PBXGroup;
			children = (
				84C87CF528CF1BFD00B684DE /* CardTypesLogo.xcassets */,
				84C87CF728CF1BFD00B684DE /* APSIcons.xcassets */,
				84C87CF828CF1BFD00B684DE /* CommonSDKAssets.xcassets */,
			);
			path = Ecommpay;
			sourceTree = "<group>";
		};
		84EFA1602877086C0043C360 /* CoreAdaptersAndConverters */ = {
			isa = PBXGroup;
			children = (
				84EFA163287708850043C360 /* CoreErrorCode.swift */,
				84B241A7288A61B700259A50 /* PaymentMethodType.swift */,
				8421F8DF288EB9BA00B6EED2 /* PaymentMethodCardType.swift */,
				84A35C4E2893B2A20037A604 /* FieldType.swift */,
			);
			path = CoreAdaptersAndConverters;
			sourceTree = "<group>";
		};
		84F705C1287C531F00E7CD12 /* CoreDelegates */ = {
			isa = PBXGroup;
			children = (
				84F705C4287C534300E7CD12 /* InitDelegateProxy.swift */,
				84B241822889069A00259A50 /* PayDelegateProxy.swift */,
				84B241A028896AB200259A50 /* BaseDelegateProxy.swift */,
			);
			path = CoreDelegates;
			sourceTree = "<group>";
		};
		A8D1A50F419F48AE820968C2 /* Pods */ = {
			isa = PBXGroup;
			children = (
				B45AAD86544872143E266B62 /* Pods-ecommpaySDK.debug.xcconfig */,
				408C395B26A4DF37C8BBB1D3 /* Pods-ecommpaySDK.release.xcconfig */,
				F58530AA83313593FD256B22 /* Pods-ecommpaySDK-Dev.debug.xcconfig */,
				119C15A21DAE55532E011759 /* Pods-ecommpaySDK-Dev.release.xcconfig */,
			);
			name = Pods;
			path = ../Pods;
			sourceTree = "<group>";
		};
/* End PBXGroup section */

/* Begin PBXHeadersBuildPhase section */
		849C533428BF62C800C1CF71 /* Headers */ = {
			isa = PBXHeadersBuildPhase;
			buildActionMask = 2147483647;
			files = (
				849C533528BF62C800C1CF71 /* EcommpaySDK.h in Headers */,
				849C533628BF62C800C1CF71 /* mobileSDK_Facade.h in Headers */,
			);
			runOnlyForDeploymentPostprocessing = 0;
		};
		84BC4F57285843C800CD7EA5 /* Headers */ = {
			isa = PBXHeadersBuildPhase;
			buildActionMask = 2147483647;
			files = (
				845507DC285B0463002BBFE0 /* EcommpaySDK.h in Headers */,
				84BC4F58285843C800CD7EA5 /* mobileSDK_Facade.h in Headers */,
			);
			runOnlyForDeploymentPostprocessing = 0;
		};
/* End PBXHeadersBuildPhase section */

/* Begin PBXNativeTarget section */
		849C532F28BF62C800C1CF71 /* ecommpaySDK */ = {
			isa = PBXNativeTarget;
			buildConfigurationList = 849C535528BF62C800C1CF71 /* Build configuration list for PBXNativeTarget "ecommpaySDK" */;
			buildPhases = (
				0B50CCA23617EDA08D25A326 /* [CP] Check Pods Manifest.lock */,
				849C533428BF62C800C1CF71 /* Headers */,
				849C533728BF62C800C1CF71 /* Sources */,
				849C534F28BF62C800C1CF71 /* Frameworks */,
				849C535228BF62C800C1CF71 /* Resources */,
				849C535328BF62C800C1CF71 /* Embed Frameworks */,
			);
			buildRules = (
			);
			dependencies = (
				849C533028BF62C800C1CF71 /* PBXTargetDependency */,
			);
			name = ecommpaySDK;
			productName = mobileSDK.Facade;
			productReference = 849C535828BF62C800C1CF71 /* ecommpaySDK.framework */;
			productType = "com.apple.product-type.framework";
		};
		84BC4F56285843C800CD7EA5 /* ecommpaySDK-Dev */ = {
			isa = PBXNativeTarget;
			buildConfigurationList = 84BC4F60285843C800CD7EA5 /* Build configuration list for PBXNativeTarget "ecommpaySDK-Dev" */;
			buildPhases = (
				63AF4D0F257635D9339276FB /* [CP] Check Pods Manifest.lock */,
				84BC4F57285843C800CD7EA5 /* Headers */,
				84BC4F59285843C800CD7EA5 /* Sources */,
				84BC4F5A285843C800CD7EA5 /* Frameworks */,
				84BC4F5C285843C800CD7EA5 /* Resources */,
				8403057328B7B9A400DE38D3 /* Embed Frameworks */,
			);
			buildRules = (
			);
			dependencies = (
				8403056F28B7B97F00DE38D3 /* PBXTargetDependency */,
			);
			name = "ecommpaySDK-Dev";
			productName = mobileSDK.Facade;
			productReference = 84BC4F63285843C800CD7EA5 /* ecommpaySDK.framework */;
			productType = "com.apple.product-type.framework";
		};
/* End PBXNativeTarget section */

/* Begin PBXProject section */
		84BC13C52852086E008814EB /* Project object */ = {
			isa = PBXProject;
			attributes = {
				BuildIndependentTargetsInParallel = 1;
				LastUpgradeCheck = 1330;
				TargetAttributes = {
					84EFA183287818230043C360 = {
						CreatedOnToolsVersion = 13.3.1;
					};
				};
			};
			buildConfigurationList = 84BC13C82852086E008814EB /* Build configuration list for PBXProject "mobileSDK.Facade" */;
			compatibilityVersion = "Xcode 13.0";
			developmentRegion = en;
			hasScannedForEncodings = 0;
			knownRegions = (
				en,
				Base,
			);
			mainGroup = 84BC13C42852086E008814EB;
			productRefGroup = 84BC13CF2852086E008814EB /* Products */;
			projectDirPath = "";
			projectReferences = (
				{
					ProductGroup = 84BC13ED285208A3008814EB /* Products */;
					ProjectRef = 84BC13EC285208A3008814EB /* mobileSDK.UI.xcodeproj */;
				},
			);
			projectRoot = "";
			targets = (
				84BC4F56285843C800CD7EA5 /* ecommpaySDK-Dev */,
				84EFA183287818230043C360 /* build-ecommpay-release */,
				849C532F28BF62C800C1CF71 /* ecommpaySDK */,
			);
		};
/* End PBXProject section */

/* Begin PBXReferenceProxy section */
		84A0F16C28748493005F81DE /* mobileSDK.UI.app */ = {
			isa = PBXReferenceProxy;
			fileType = wrapper.application;
			path = mobileSDK.UI.app;
			remoteRef = 84A0F16B28748493005F81DE /* PBXContainerItemProxy */;
			sourceTree = BUILT_PRODUCTS_DIR;
		};
		84BC13F1285208A3008814EB /* libmobileSDK.UI.a */ = {
			isa = PBXReferenceProxy;
			fileType = archive.ar;
			path = libmobileSDK.UI.a;
			remoteRef = 84BC13F0285208A3008814EB /* PBXContainerItemProxy */;
			sourceTree = BUILT_PRODUCTS_DIR;
		};
/* End PBXReferenceProxy section */

/* Begin PBXResourcesBuildPhase section */
		849C535228BF62C800C1CF71 /* Resources */ = {
			isa = PBXResourcesBuildPhase;
			buildActionMask = 2147483647;
			files = (
				84C87D0228CF1BFD00B684DE /* CommonSDKAssets.xcassets in Resources */,
				84C87CFC28CF1BFD00B684DE /* CardTypesLogo.xcassets in Resources */,
				84C87D0028CF1BFD00B684DE /* APSIcons.xcassets in Resources */,
			);
			runOnlyForDeploymentPostprocessing = 0;
		};
		84BC4F5C285843C800CD7EA5 /* Resources */ = {
			isa = PBXResourcesBuildPhase;
			buildActionMask = 2147483647;
			files = (
				84C87D0128CF1BFD00B684DE /* CommonSDKAssets.xcassets in Resources */,
				84C87CFB28CF1BFD00B684DE /* CardTypesLogo.xcassets in Resources */,
				84C87CFF28CF1BFD00B684DE /* APSIcons.xcassets in Resources */,
			);
			runOnlyForDeploymentPostprocessing = 0;
		};
/* End PBXResourcesBuildPhase section */

/* Begin PBXShellScriptBuildPhase section */
		0B50CCA23617EDA08D25A326 /* [CP] Check Pods Manifest.lock */ = {
			isa = PBXShellScriptBuildPhase;
			buildActionMask = 2147483647;
			files = (
			);
			inputFileListPaths = (
			);
			inputPaths = (
				"${PODS_PODFILE_DIR_PATH}/Podfile.lock",
				"${PODS_ROOT}/Manifest.lock",
			);
			name = "[CP] Check Pods Manifest.lock";
			outputFileListPaths = (
			);
			outputPaths = (
				"$(DERIVED_FILE_DIR)/Pods-ecommpaySDK-checkManifestLockResult.txt",
			);
			runOnlyForDeploymentPostprocessing = 0;
			shellPath = /bin/sh;
			shellScript = "diff \"${PODS_PODFILE_DIR_PATH}/Podfile.lock\" \"${PODS_ROOT}/Manifest.lock\" > /dev/null\nif [ $? != 0 ] ; then\n    # print error to STDERR\n    echo \"error: The sandbox is not in sync with the Podfile.lock. Run 'pod install' or update your CocoaPods installation.\" >&2\n    exit 1\nfi\n# This output is used by Xcode 'outputs' to avoid re-running this script phase.\necho \"SUCCESS\" > \"${SCRIPT_OUTPUT_FILE_0}\"\n";
			showEnvVarsInLog = 0;
		};
		63AF4D0F257635D9339276FB /* [CP] Check Pods Manifest.lock */ = {
			isa = PBXShellScriptBuildPhase;
			buildActionMask = 2147483647;
			files = (
			);
			inputFileListPaths = (
			);
			inputPaths = (
				"${PODS_PODFILE_DIR_PATH}/Podfile.lock",
				"${PODS_ROOT}/Manifest.lock",
			);
			name = "[CP] Check Pods Manifest.lock";
			outputFileListPaths = (
			);
			outputPaths = (
				"$(DERIVED_FILE_DIR)/Pods-ecommpaySDK-Dev-checkManifestLockResult.txt",
			);
			runOnlyForDeploymentPostprocessing = 0;
			shellPath = /bin/sh;
			shellScript = "diff \"${PODS_PODFILE_DIR_PATH}/Podfile.lock\" \"${PODS_ROOT}/Manifest.lock\" > /dev/null\nif [ $? != 0 ] ; then\n    # print error to STDERR\n    echo \"error: The sandbox is not in sync with the Podfile.lock. Run 'pod install' or update your CocoaPods installation.\" >&2\n    exit 1\nfi\n# This output is used by Xcode 'outputs' to avoid re-running this script phase.\necho \"SUCCESS\" > \"${SCRIPT_OUTPUT_FILE_0}\"\n";
			showEnvVarsInLog = 0;
		};
		84EFA189287818370043C360 /* ShellScript */ = {
			isa = PBXShellScriptBuildPhase;
			buildActionMask = 2147483647;
			files = (
			);
			inputFileListPaths = (
			);
			inputPaths = (
			);
			outputFileListPaths = (
			);
			outputPaths = (
			);
			runOnlyForDeploymentPostprocessing = 0;
			shellPath = /bin/sh;
			shellScript = "./buildSDK.sh ecommpaySDK\n";
		};
/* End PBXShellScriptBuildPhase section */

/* Begin PBXSourcesBuildPhase section */
		849C533728BF62C800C1CF71 /* Sources */ = {
			isa = PBXSourcesBuildPhase;
			buildActionMask = 2147483647;
			files = (
				849C533828BF62C800C1CF71 /* BaseDelegateProxy.swift in Sources */,
				849C533928BF62C800C1CF71 /* FieldType.swift in Sources */,
				849C533A28BF62C800C1CF71 /* RecipientInfo.swift in Sources */,
				849C533B28BF62C800C1CF71 /* PayRequestFactory.swift in Sources */,
				849C533C28BF62C800C1CF71 /* ScreenDisplayMode.swift in Sources */,
				849C533D28BF62C800C1CF71 /* PaymentResult.swift in Sources */,
				849C533E28BF62C800C1CF71 /* PayInteractorWrapper.swift in Sources */,
				849C533F28BF62C800C1CF71 /* CardTypesManager.swift in Sources */,
				849C534028BF62C800C1CF71 /* NetworkConfig.swift in Sources */,
				849C534128BF62C800C1CF71 /* PayDelegateProxy.swift in Sources */,
				840704CA28D8850600DBD249 /* ContainerViewController.swift in Sources */,
				849C534228BF62C800C1CF71 /* AdditionalField.swift in Sources */,
				849C534328BF62C800C1CF71 /* AdditionalFieldEnums.swift in Sources */,
				849C534428BF62C800C1CF71 /* InitDelegateProxy.swift in Sources */,
				849C534528BF62C800C1CF71 /* PaymentOptions.swift in Sources */,
				849C534628BF62C800C1CF71 /* ECMPConfigDev.swift in Sources */,
				849C534728BF62C800C1CF71 /* CardRemoveWrapper.swift in Sources */,
				849C534828BF62C800C1CF71 /* ProtocolConformance.swift in Sources */,
				849C534928BF62C800C1CF71 /* Payment.swift in Sources */,
				849C534A28BF62C800C1CF71 /* PaymentMethodType.swift in Sources */,
				849C534B28BF62C800C1CF71 /* CoreErrorCode.swift in Sources */,
				849C534C28BF62C800C1CF71 /* SDKInteractor.swift in Sources */,
				849C534D28BF62C800C1CF71 /* EcommpaySDK.swift in Sources */,
				849C534E28BF62C800C1CF71 /* PaymentMethodCardType.swift in Sources */,
			);
			runOnlyForDeploymentPostprocessing = 0;
		};
		84BC4F59285843C800CD7EA5 /* Sources */ = {
			isa = PBXSourcesBuildPhase;
			buildActionMask = 2147483647;
			files = (
				84B241A128896AB200259A50 /* BaseDelegateProxy.swift in Sources */,
				84A35C4F2893B2A20037A604 /* FieldType.swift in Sources */,
				84D87CEF285C88770009FD38 /* RecipientInfo.swift in Sources */,
				8421F8E9288EBFF300B6EED2 /* PayRequestFactory.swift in Sources */,
				845507DD285B0463002BBFE0 /* ScreenDisplayMode.swift in Sources */,
				845507D4285B0463002BBFE0 /* PaymentResult.swift in Sources */,
				8421F8E7288EBFA400B6EED2 /* PayInteractorWrapper.swift in Sources */,
				8421F8EF288FC20E00B6EED2 /* CardTypesManager.swift in Sources */,
				84B241772887D83C00259A50 /* NetworkConfig.swift in Sources */,
				84B241832889069A00259A50 /* PayDelegateProxy.swift in Sources */,
				840704C928D8850600DBD249 /* ContainerViewController.swift in Sources */,
				84D87CE4285C7F8D0009FD38 /* AdditionalField.swift in Sources */,
				84D87CE6285C7FC50009FD38 /* AdditionalFieldEnums.swift in Sources */,
				84F705C5287C534300E7CD12 /* InitDelegateProxy.swift in Sources */,
				845507D7285B0463002BBFE0 /* PaymentOptions.swift in Sources */,
				84B241702887D83C00259A50 /* ECMPConfigDev.swift in Sources */,
				84EA605B28BF27EC008D4CC2 /* CardRemoveWrapper.swift in Sources */,
				84B2419F2889653500259A50 /* ProtocolConformance.swift in Sources */,
				845507D8285B0463002BBFE0 /* Payment.swift in Sources */,
				84B241A8288A61B700259A50 /* PaymentMethodType.swift in Sources */,
				84EFA164287708850043C360 /* CoreErrorCode.swift in Sources */,
				845507D3285B0463002BBFE0 /* SDKInteractor.swift in Sources */,
				845507D9285B0463002BBFE0 /* EcommpaySDK.swift in Sources */,
				8421F8E0288EB9BA00B6EED2 /* PaymentMethodCardType.swift in Sources */,
			);
			runOnlyForDeploymentPostprocessing = 0;
		};
/* End PBXSourcesBuildPhase section */

/* Begin PBXTargetDependency section */
		8403056F28B7B97F00DE38D3 /* PBXTargetDependency */ = {
			isa = PBXTargetDependency;
			name = mobileSDK.UI;
			targetProxy = 8403056E28B7B97F00DE38D3 /* PBXContainerItemProxy */;
		};
		849C533028BF62C800C1CF71 /* PBXTargetDependency */ = {
			isa = PBXTargetDependency;
			name = mobileSDK.UI;
			targetProxy = 849C533128BF62C800C1CF71 /* PBXContainerItemProxy */;
		};
/* End PBXTargetDependency section */

/* Begin XCBuildConfiguration section */
		849C535628BF62C800C1CF71 /* Debug */ = {
			isa = XCBuildConfiguration;
			baseConfigurationReference = B45AAD86544872143E266B62 /* Pods-ecommpaySDK.debug.xcconfig */;
			buildSettings = {
				CODE_SIGN_STYLE = Automatic;
				CURRENT_PROJECT_VERSION = 2;
				DEFINES_MODULE = YES;
				DYLIB_COMPATIBILITY_VERSION = 1;
				DYLIB_CURRENT_VERSION = 2;
				DYLIB_INSTALL_NAME_BASE = "@rpath";
				GENERATE_INFOPLIST_FILE = YES;
				INFOPLIST_KEY_NSHumanReadableCopyright = "";
				INSTALL_PATH = "$(LOCAL_LIBRARY_DIR)/Frameworks";
				LD_RUNPATH_SEARCH_PATHS = (
					"$(inherited)",
					"@executable_path/Frameworks",
					"@loader_path/Frameworks",
				);
				MARKETING_VERSION = 1.0;
				PRODUCT_BUNDLE_IDENTIFIER = "com.ecommpay.mobilesdk-ios";
				PRODUCT_NAME = "$(TARGET_NAME)";
				SKIP_INSTALL = YES;
				"SWIFT_ACTIVE_COMPILATION_CONDITIONS[arch=*]" = "DEBUG DEVELOPMENT";
				SWIFT_EMIT_LOC_STRINGS = YES;
				SWIFT_VERSION = 5.0;
				TARGETED_DEVICE_FAMILY = "1,2";
			};
			name = Debug;
		};
		849C535728BF62C800C1CF71 /* Release */ = {
			isa = XCBuildConfiguration;
			baseConfigurationReference = 408C395B26A4DF37C8BBB1D3 /* Pods-ecommpaySDK.release.xcconfig */;
			buildSettings = {
				CODE_SIGN_STYLE = Automatic;
				CURRENT_PROJECT_VERSION = 2;
				DEFINES_MODULE = YES;
				DYLIB_COMPATIBILITY_VERSION = 1;
				DYLIB_CURRENT_VERSION = 2;
				DYLIB_INSTALL_NAME_BASE = "@rpath";
				GENERATE_INFOPLIST_FILE = YES;
				INFOPLIST_KEY_NSHumanReadableCopyright = "";
				INSTALL_PATH = "$(LOCAL_LIBRARY_DIR)/Frameworks";
				LD_RUNPATH_SEARCH_PATHS = (
					"$(inherited)",
					"@executable_path/Frameworks",
					"@loader_path/Frameworks",
				);
				MARKETING_VERSION = 1.0;
				PRODUCT_BUNDLE_IDENTIFIER = "com.ecommpay.mobilesdk-ios";
				PRODUCT_NAME = "$(TARGET_NAME)";
				SKIP_INSTALL = YES;
				"SWIFT_ACTIVE_COMPILATION_CONDITIONS[arch=*]" = DEVELOPMENT;
				SWIFT_EMIT_LOC_STRINGS = YES;
				SWIFT_VERSION = 5.0;
				TARGETED_DEVICE_FAMILY = "1,2";
			};
			name = Release;
		};
		84BC13D32852086E008814EB /* Debug */ = {
			isa = XCBuildConfiguration;
			buildSettings = {
				ALWAYS_SEARCH_USER_PATHS = NO;
				CLANG_ANALYZER_NONNULL = YES;
				CLANG_ANALYZER_NUMBER_OBJECT_CONVERSION = YES_AGGRESSIVE;
				CLANG_CXX_LANGUAGE_STANDARD = "gnu++17";
				CLANG_ENABLE_MODULES = YES;
				CLANG_ENABLE_OBJC_ARC = YES;
				CLANG_ENABLE_OBJC_WEAK = YES;
				CLANG_WARN_BLOCK_CAPTURE_AUTORELEASING = YES;
				CLANG_WARN_BOOL_CONVERSION = YES;
				CLANG_WARN_COMMA = YES;
				CLANG_WARN_CONSTANT_CONVERSION = YES;
				CLANG_WARN_DEPRECATED_OBJC_IMPLEMENTATIONS = YES;
				CLANG_WARN_DIRECT_OBJC_ISA_USAGE = YES_ERROR;
				CLANG_WARN_DOCUMENTATION_COMMENTS = YES;
				CLANG_WARN_EMPTY_BODY = YES;
				CLANG_WARN_ENUM_CONVERSION = YES;
				CLANG_WARN_INFINITE_RECURSION = YES;
				CLANG_WARN_INT_CONVERSION = YES;
				CLANG_WARN_NON_LITERAL_NULL_CONVERSION = YES;
				CLANG_WARN_OBJC_IMPLICIT_RETAIN_SELF = YES;
				CLANG_WARN_OBJC_LITERAL_CONVERSION = YES;
				CLANG_WARN_OBJC_ROOT_CLASS = YES_ERROR;
				CLANG_WARN_QUOTED_INCLUDE_IN_FRAMEWORK_HEADER = YES;
				CLANG_WARN_RANGE_LOOP_ANALYSIS = YES;
				CLANG_WARN_STRICT_PROTOTYPES = YES;
				CLANG_WARN_SUSPICIOUS_MOVE = YES;
				CLANG_WARN_UNGUARDED_AVAILABILITY = YES_AGGRESSIVE;
				CLANG_WARN_UNREACHABLE_CODE = YES;
				CLANG_WARN__DUPLICATE_METHOD_MATCH = YES;
				COPY_PHASE_STRIP = NO;
				CURRENT_PROJECT_VERSION = 2;
				DEBUG_INFORMATION_FORMAT = dwarf;
				ENABLE_STRICT_OBJC_MSGSEND = YES;
				ENABLE_TESTABILITY = YES;
				GCC_C_LANGUAGE_STANDARD = gnu11;
				GCC_DYNAMIC_NO_PIC = NO;
				GCC_NO_COMMON_BLOCKS = YES;
				GCC_OPTIMIZATION_LEVEL = 0;
				GCC_PREPROCESSOR_DEFINITIONS = (
					"DEBUG=1",
					"$(inherited)",
				);
				GCC_WARN_64_TO_32_BIT_CONVERSION = YES;
				GCC_WARN_ABOUT_RETURN_TYPE = YES_ERROR;
				GCC_WARN_UNDECLARED_SELECTOR = YES;
				GCC_WARN_UNINITIALIZED_AUTOS = YES_AGGRESSIVE;
				GCC_WARN_UNUSED_FUNCTION = YES;
				GCC_WARN_UNUSED_VARIABLE = YES;
				IPHONEOS_DEPLOYMENT_TARGET = 14.0;
				MTL_ENABLE_DEBUG_INFO = INCLUDE_SOURCE;
				MTL_FAST_MATH = YES;
				ONLY_ACTIVE_ARCH = YES;
				SDKROOT = iphoneos;
				SWIFT_ACTIVE_COMPILATION_CONDITIONS = DEBUG;
				SWIFT_OPTIMIZATION_LEVEL = "-Onone";
				VERSIONING_SYSTEM = "apple-generic";
				VERSION_INFO_PREFIX = "";
			};
			name = Debug;
		};
		84BC13D42852086E008814EB /* Release */ = {
			isa = XCBuildConfiguration;
			buildSettings = {
				ALWAYS_SEARCH_USER_PATHS = NO;
				CLANG_ANALYZER_NONNULL = YES;
				CLANG_ANALYZER_NUMBER_OBJECT_CONVERSION = YES_AGGRESSIVE;
				CLANG_CXX_LANGUAGE_STANDARD = "gnu++17";
				CLANG_ENABLE_MODULES = YES;
				CLANG_ENABLE_OBJC_ARC = YES;
				CLANG_ENABLE_OBJC_WEAK = YES;
				CLANG_WARN_BLOCK_CAPTURE_AUTORELEASING = YES;
				CLANG_WARN_BOOL_CONVERSION = YES;
				CLANG_WARN_COMMA = YES;
				CLANG_WARN_CONSTANT_CONVERSION = YES;
				CLANG_WARN_DEPRECATED_OBJC_IMPLEMENTATIONS = YES;
				CLANG_WARN_DIRECT_OBJC_ISA_USAGE = YES_ERROR;
				CLANG_WARN_DOCUMENTATION_COMMENTS = YES;
				CLANG_WARN_EMPTY_BODY = YES;
				CLANG_WARN_ENUM_CONVERSION = YES;
				CLANG_WARN_INFINITE_RECURSION = YES;
				CLANG_WARN_INT_CONVERSION = YES;
				CLANG_WARN_NON_LITERAL_NULL_CONVERSION = YES;
				CLANG_WARN_OBJC_IMPLICIT_RETAIN_SELF = YES;
				CLANG_WARN_OBJC_LITERAL_CONVERSION = YES;
				CLANG_WARN_OBJC_ROOT_CLASS = YES_ERROR;
				CLANG_WARN_QUOTED_INCLUDE_IN_FRAMEWORK_HEADER = YES;
				CLANG_WARN_RANGE_LOOP_ANALYSIS = YES;
				CLANG_WARN_STRICT_PROTOTYPES = YES;
				CLANG_WARN_SUSPICIOUS_MOVE = YES;
				CLANG_WARN_UNGUARDED_AVAILABILITY = YES_AGGRESSIVE;
				CLANG_WARN_UNREACHABLE_CODE = YES;
				CLANG_WARN__DUPLICATE_METHOD_MATCH = YES;
				COPY_PHASE_STRIP = NO;
				CURRENT_PROJECT_VERSION = 2;
				DEBUG_INFORMATION_FORMAT = "dwarf-with-dsym";
				ENABLE_NS_ASSERTIONS = NO;
				ENABLE_STRICT_OBJC_MSGSEND = YES;
				GCC_C_LANGUAGE_STANDARD = gnu11;
				GCC_NO_COMMON_BLOCKS = YES;
				GCC_WARN_64_TO_32_BIT_CONVERSION = YES;
				GCC_WARN_ABOUT_RETURN_TYPE = YES_ERROR;
				GCC_WARN_UNDECLARED_SELECTOR = YES;
				GCC_WARN_UNINITIALIZED_AUTOS = YES_AGGRESSIVE;
				GCC_WARN_UNUSED_FUNCTION = YES;
				GCC_WARN_UNUSED_VARIABLE = YES;
				IPHONEOS_DEPLOYMENT_TARGET = 14.0;
				MTL_ENABLE_DEBUG_INFO = NO;
				MTL_FAST_MATH = YES;
				SDKROOT = iphoneos;
				SWIFT_COMPILATION_MODE = wholemodule;
				SWIFT_OPTIMIZATION_LEVEL = "-O";
				VALIDATE_PRODUCT = YES;
				VERSIONING_SYSTEM = "apple-generic";
				VERSION_INFO_PREFIX = "";
			};
			name = Release;
		};
		84BC4F61285843C800CD7EA5 /* Debug */ = {
			isa = XCBuildConfiguration;
			baseConfigurationReference = F58530AA83313593FD256B22 /* Pods-ecommpaySDK-Dev.debug.xcconfig */;
			buildSettings = {
				CODE_SIGN_STYLE = Automatic;
				CURRENT_PROJECT_VERSION = 2;
				DEFINES_MODULE = YES;
				DYLIB_COMPATIBILITY_VERSION = 1;
				DYLIB_CURRENT_VERSION = 2;
				DYLIB_INSTALL_NAME_BASE = "@rpath";
				GENERATE_INFOPLIST_FILE = YES;
				INFOPLIST_KEY_NSHumanReadableCopyright = "";
				INSTALL_PATH = "$(LOCAL_LIBRARY_DIR)/Frameworks";
				LD_RUNPATH_SEARCH_PATHS = (
					"$(inherited)",
					"@executable_path/Frameworks",
					"@loader_path/Frameworks",
				);
				MARKETING_VERSION = 1.0;
				PRODUCT_BUNDLE_IDENTIFIER = "com.ecommpay.mobilesdk-ios";
				PRODUCT_NAME = ecommpaySDK;
				SKIP_INSTALL = YES;
				"SWIFT_ACTIVE_COMPILATION_CONDITIONS[arch=*]" = "DEBUG DEVELOPMENT";
				SWIFT_EMIT_LOC_STRINGS = YES;
				SWIFT_VERSION = 5.0;
				TARGETED_DEVICE_FAMILY = "1,2";
			};
			name = Debug;
		};
		84BC4F62285843C800CD7EA5 /* Release */ = {
			isa = XCBuildConfiguration;
			baseConfigurationReference = 119C15A21DAE55532E011759 /* Pods-ecommpaySDK-Dev.release.xcconfig */;
			buildSettings = {
				CODE_SIGN_STYLE = Automatic;
				CURRENT_PROJECT_VERSION = 2;
				DEFINES_MODULE = YES;
				DYLIB_COMPATIBILITY_VERSION = 1;
				DYLIB_CURRENT_VERSION = 2;
				DYLIB_INSTALL_NAME_BASE = "@rpath";
				GENERATE_INFOPLIST_FILE = YES;
				INFOPLIST_KEY_NSHumanReadableCopyright = "";
				INSTALL_PATH = "$(LOCAL_LIBRARY_DIR)/Frameworks";
				LD_RUNPATH_SEARCH_PATHS = (
					"$(inherited)",
					"@executable_path/Frameworks",
					"@loader_path/Frameworks",
				);
				MARKETING_VERSION = 1.0;
				PRODUCT_BUNDLE_IDENTIFIER = "com.ecommpay.mobilesdk-ios";
				PRODUCT_NAME = ecommpaySDK;
				SKIP_INSTALL = YES;
				"SWIFT_ACTIVE_COMPILATION_CONDITIONS[arch=*]" = DEVELOPMENT;
				SWIFT_EMIT_LOC_STRINGS = YES;
				SWIFT_VERSION = 5.0;
				TARGETED_DEVICE_FAMILY = "1,2";
			};
			name = Release;
		};
		84EFA184287818230043C360 /* Debug */ = {
			isa = XCBuildConfiguration;
			buildSettings = {
				CODE_SIGN_STYLE = Automatic;
				PRODUCT_NAME = "$(TARGET_NAME)";
			};
			name = Debug;
		};
		84EFA185287818230043C360 /* Release */ = {
			isa = XCBuildConfiguration;
			buildSettings = {
				CODE_SIGN_STYLE = Automatic;
				PRODUCT_NAME = "$(TARGET_NAME)";
			};
			name = Release;
		};
/* End XCBuildConfiguration section */

/* Begin XCConfigurationList section */
		849C535528BF62C800C1CF71 /* Build configuration list for PBXNativeTarget "ecommpaySDK" */ = {
			isa = XCConfigurationList;
			buildConfigurations = (
				849C535628BF62C800C1CF71 /* Debug */,
				849C535728BF62C800C1CF71 /* Release */,
			);
			defaultConfigurationIsVisible = 0;
			defaultConfigurationName = Release;
		};
		84BC13C82852086E008814EB /* Build configuration list for PBXProject "mobileSDK.Facade" */ = {
			isa = XCConfigurationList;
			buildConfigurations = (
				84BC13D32852086E008814EB /* Debug */,
				84BC13D42852086E008814EB /* Release */,
			);
			defaultConfigurationIsVisible = 0;
			defaultConfigurationName = Release;
		};
		84BC4F60285843C800CD7EA5 /* Build configuration list for PBXNativeTarget "ecommpaySDK-Dev" */ = {
			isa = XCConfigurationList;
			buildConfigurations = (
				84BC4F61285843C800CD7EA5 /* Debug */,
				84BC4F62285843C800CD7EA5 /* Release */,
			);
			defaultConfigurationIsVisible = 0;
			defaultConfigurationName = Release;
		};
		84EFA188287818230043C360 /* Build configuration list for PBXAggregateTarget "build-ecommpay-release" */ = {
			isa = XCConfigurationList;
			buildConfigurations = (
				84EFA184287818230043C360 /* Debug */,
				84EFA185287818230043C360 /* Release */,
			);
			defaultConfigurationIsVisible = 0;
			defaultConfigurationName = Release;
		};
/* End XCConfigurationList section */
	};
	rootObject = 84BC13C52852086E008814EB /* Project object */;
}
