// !$*UTF8*$!
{
	archiveVersion = 1;
	classes = {
	};
	objectVersion = 55;
	objects = {

/* Begin PBXBuildFile section */
		26C53EA2E9282E3DF22DA38A /* libPods-EcommpaySample.a in Frameworks */ = {isa = PBXBuildFile; fileRef = AF01B1C3587397FC5834D8E0 /* libPods-EcommpaySample.a */; };
		67B198A26F9091BBD96A800A /* libPods-EcommpaySampleNL3.a in Frameworks */ = {isa = PBXBuildFile; fileRef = 4294E69FED21982E082FC020 /* libPods-EcommpaySampleNL3.a */; };
		8434FB5028B338DB00814D93 /* SignatureUtils.swift in Sources */ = {isa = PBXBuildFile; fileRef = 8434FB4F28B338DB00814D93 /* SignatureUtils.swift */; };
		845BB1D528B33DFA001C2A24 /* MainScreenState.swift in Sources */ = {isa = PBXBuildFile; fileRef = 845BB1D428B33DFA001C2A24 /* MainScreenState.swift */; };
		845BB1D928B340A3001C2A24 /* PaymentID.swift in Sources */ = {isa = PBXBuildFile; fileRef = 845BB1D828B340A3001C2A24 /* PaymentID.swift */; };
		845BB1DE28B35592001C2A24 /* Ecommpay.swift in Sources */ = {isa = PBXBuildFile; fileRef = 845BB1DD28B35592001C2A24 /* Ecommpay.swift */; };
		845FC81A28AE153300C71288 /* mobileSDK_SampleApp.swift in Sources */ = {isa = PBXBuildFile; fileRef = 845FC81928AE153300C71288 /* mobileSDK_SampleApp.swift */; };
		845FC81C28AE153300C71288 /* MainScreen.swift in Sources */ = {isa = PBXBuildFile; fileRef = 845FC81B28AE153300C71288 /* MainScreen.swift */; };
		845FC81E28AE153400C71288 /* Assets.xcassets in Resources */ = {isa = PBXBuildFile; fileRef = 845FC81D28AE153400C71288 /* Assets.xcassets */; };
		845FC82128AE153400C71288 /* Preview Assets.xcassets in Resources */ = {isa = PBXBuildFile; fileRef = 845FC82028AE153400C71288 /* Preview Assets.xcassets */; };
		84B67BAE29127AD500DF7550 /* ecommpaySDK_Dev.framework in Frameworks */ = {isa = PBXBuildFile; fileRef = 843B503E28F5607E00A4F779 /* ecommpaySDK_Dev.framework */; };
		84B67BAF29127AD500DF7550 /* ecommpaySDK_Dev.framework in Embed Frameworks */ = {isa = PBXBuildFile; fileRef = 843B503E28F5607E00A4F779 /* ecommpaySDK_Dev.framework */; settings = {ATTRIBUTES = (CodeSignOnCopy, RemoveHeadersOnCopy, ); }; };
		84BCB96A2912189B00FAB064 /* RecurrentSettingsScreen.swift in Sources */ = {isa = PBXBuildFile; fileRef = 84BCB9692912189B00FAB064 /* RecurrentSettingsScreen.swift */; };
		84CDC3E02910DAA100E3EB04 /* ThreeDSecureJsonModels.swift in Sources */ = {isa = PBXBuildFile; fileRef = 84CDC3DF2910DAA100E3EB04 /* ThreeDSecureJsonModels.swift */; };
		84CDC3E22910E62D00E3EB04 /* ThreeDSecureScreen.swift in Sources */ = {isa = PBXBuildFile; fileRef = 84CDC3E12910E62D00E3EB04 /* ThreeDSecureScreen.swift */; };
		84CDC3E42911268000E3EB04 /* ExpandingTextView.swift in Sources */ = {isa = PBXBuildFile; fileRef = 84CDC3E32911268000E3EB04 /* ExpandingTextView.swift */; };
		B3AB4769296BFF9700B2EED5 /* RecipientInfoScreen.swift in Sources */ = {isa = PBXBuildFile; fileRef = B3AB4768296BFF9700B2EED5 /* RecipientInfoScreen.swift */; };
		B3AB476A296BFF9F00B2EED5 /* RecipientInfoScreen.swift in Sources */ = {isa = PBXBuildFile; fileRef = B3AB4768296BFF9700B2EED5 /* RecipientInfoScreen.swift */; };
		DCC5E7EE294DEB03004E8864 /* MainScreen.swift in Sources */ = {isa = PBXBuildFile; fileRef = 845FC81B28AE153300C71288 /* MainScreen.swift */; };
		DCC5E7EF294DEB03004E8864 /* SignatureUtils.swift in Sources */ = {isa = PBXBuildFile; fileRef = 8434FB4F28B338DB00814D93 /* SignatureUtils.swift */; };
		DCC5E7F0294DEB03004E8864 /* mobileSDK_SampleApp.swift in Sources */ = {isa = PBXBuildFile; fileRef = 845FC81928AE153300C71288 /* mobileSDK_SampleApp.swift */; };
		DCC5E7F1294DEB03004E8864 /* PaymentID.swift in Sources */ = {isa = PBXBuildFile; fileRef = 845BB1D828B340A3001C2A24 /* PaymentID.swift */; };
		DCC5E7F2294DEB03004E8864 /* MainScreenState.swift in Sources */ = {isa = PBXBuildFile; fileRef = 845BB1D428B33DFA001C2A24 /* MainScreenState.swift */; };
		DCC5E7F3294DEB03004E8864 /* Ecommpay.swift in Sources */ = {isa = PBXBuildFile; fileRef = 845BB1DD28B35592001C2A24 /* Ecommpay.swift */; };
		DCC5E7F4294DEB03004E8864 /* ExpandingTextView.swift in Sources */ = {isa = PBXBuildFile; fileRef = 84CDC3E32911268000E3EB04 /* ExpandingTextView.swift */; };
		DCC5E7F5294DEB03004E8864 /* RecurrentSettingsScreen.swift in Sources */ = {isa = PBXBuildFile; fileRef = 84BCB9692912189B00FAB064 /* RecurrentSettingsScreen.swift */; };
		DCC5E7F6294DEB03004E8864 /* ThreeDSecureScreen.swift in Sources */ = {isa = PBXBuildFile; fileRef = 84CDC3E12910E62D00E3EB04 /* ThreeDSecureScreen.swift */; };
		DCC5E7F7294DEB03004E8864 /* ThreeDSecureJsonModels.swift in Sources */ = {isa = PBXBuildFile; fileRef = 84CDC3DF2910DAA100E3EB04 /* ThreeDSecureJsonModels.swift */; };
		DCC5E7F9294DEB03004E8864 /* ecommpaySDK_Dev.framework in Frameworks */ = {isa = PBXBuildFile; fileRef = 843B503E28F5607E00A4F779 /* ecommpaySDK_Dev.framework */; };
		DCC5E7FC294DEB03004E8864 /* Preview Assets.xcassets in Resources */ = {isa = PBXBuildFile; fileRef = 845FC82028AE153400C71288 /* Preview Assets.xcassets */; };
		DCC5E7FD294DEB03004E8864 /* Assets.xcassets in Resources */ = {isa = PBXBuildFile; fileRef = 845FC81D28AE153400C71288 /* Assets.xcassets */; };
		DCC5E7FF294DEB03004E8864 /* ecommpaySDK_Dev.framework in Embed Frameworks */ = {isa = PBXBuildFile; fileRef = 843B503E28F5607E00A4F779 /* ecommpaySDK_Dev.framework */; settings = {ATTRIBUTES = (CodeSignOnCopy, RemoveHeadersOnCopy, ); }; };
/* End PBXBuildFile section */

/* Begin PBXContainerItemProxy section */
		843B503D28F5607E00A4F779 /* PBXContainerItemProxy */ = {
			isa = PBXContainerItemProxy;
			containerPortal = 843B503728F5607E00A4F779 /* mobileSDK.Facade.xcodeproj */;
			proxyType = 2;
			remoteGlobalIDString = 84BC4F63285843C800CD7EA5;
			remoteInfo = "ecommpaySDK-Dev";
		};
		843B503F28F5607E00A4F779 /* PBXContainerItemProxy */ = {
			isa = PBXContainerItemProxy;
			containerPortal = 843B503728F5607E00A4F779 /* mobileSDK.Facade.xcodeproj */;
			proxyType = 2;
			remoteGlobalIDString = 849C535828BF62C800C1CF71;
			remoteInfo = ecommpaySDK;
		};
		B3AB4766296BFF8200B2EED5 /* PBXContainerItemProxy */ = {
			isa = PBXContainerItemProxy;
			containerPortal = 843B503728F5607E00A4F779 /* mobileSDK.Facade.xcodeproj */;
			proxyType = 2;
			remoteGlobalIDString = DCC5E8E2294E023E004E8864;
			remoteInfo = mSDK_UI;
		};
/* End PBXContainerItemProxy section */

/* Begin PBXCopyFilesBuildPhase section */
		84B67BB029127AD500DF7550 /* Embed Frameworks */ = {
			isa = PBXCopyFilesBuildPhase;
			buildActionMask = 2147483647;
			dstPath = "";
			dstSubfolderSpec = 10;
			files = (
				84B67BAF29127AD500DF7550 /* ecommpaySDK_Dev.framework in Embed Frameworks */,
			);
			name = "Embed Frameworks";
			runOnlyForDeploymentPostprocessing = 0;
		};
		DCC5E7FE294DEB03004E8864 /* Embed Frameworks */ = {
			isa = PBXCopyFilesBuildPhase;
			buildActionMask = 2147483647;
			dstPath = "";
			dstSubfolderSpec = 10;
			files = (
				DCC5E7FF294DEB03004E8864 /* ecommpaySDK_Dev.framework in Embed Frameworks */,
			);
			name = "Embed Frameworks";
			runOnlyForDeploymentPostprocessing = 0;
		};
/* End PBXCopyFilesBuildPhase section */

/* Begin PBXFileReference section */
		1A22FB13FFD6A3E1B565FBB9 /* Pods-EcommpaySample.release.xcconfig */ = {isa = PBXFileReference; includeInIndex = 1; lastKnownFileType = text.xcconfig; name = "Pods-EcommpaySample.release.xcconfig"; path = "Target Support Files/Pods-EcommpaySample/Pods-EcommpaySample.release.xcconfig"; sourceTree = "<group>"; };
		4294E69FED21982E082FC020 /* libPods-EcommpaySampleNL3.a */ = {isa = PBXFileReference; explicitFileType = archive.ar; includeInIndex = 0; path = "libPods-EcommpaySampleNL3.a"; sourceTree = BUILT_PRODUCTS_DIR; };
		5B8FCBB22AA74EFA0036214F /* EcommpaySampleNL3-Info.plist */ = {isa = PBXFileReference; lastKnownFileType = text.plist; path = "EcommpaySampleNL3-Info.plist"; sourceTree = "<group>"; };
		840304B428B74E7E00DE38D3 /* EcommpaySample.entitlements */ = {isa = PBXFileReference; lastKnownFileType = text.plist.entitlements; path = EcommpaySample.entitlements; sourceTree = "<group>"; };
		8434FB4F28B338DB00814D93 /* SignatureUtils.swift */ = {isa = PBXFileReference; lastKnownFileType = sourcecode.swift; path = SignatureUtils.swift; sourceTree = "<group>"; };
		843B503728F5607E00A4F779 /* mobileSDK.Facade.xcodeproj */ = {isa = PBXFileReference; lastKnownFileType = "wrapper.pb-project"; name = mobileSDK.Facade.xcodeproj; path = ../mobileSDK.Facade/mobileSDK.Facade.xcodeproj; sourceTree = "<group>"; };
		845BB1D428B33DFA001C2A24 /* MainScreenState.swift */ = {isa = PBXFileReference; lastKnownFileType = sourcecode.swift; path = MainScreenState.swift; sourceTree = "<group>"; };
		845BB1D828B340A3001C2A24 /* PaymentID.swift */ = {isa = PBXFileReference; lastKnownFileType = sourcecode.swift; path = PaymentID.swift; sourceTree = "<group>"; };
		845BB1DD28B35592001C2A24 /* Ecommpay.swift */ = {isa = PBXFileReference; lastKnownFileType = sourcecode.swift; path = Ecommpay.swift; sourceTree = "<group>"; };
		845FC81628AE153300C71288 /* EcommpaySample.app */ = {isa = PBXFileReference; explicitFileType = wrapper.application; includeInIndex = 0; path = EcommpaySample.app; sourceTree = BUILT_PRODUCTS_DIR; };
		845FC81928AE153300C71288 /* mobileSDK_SampleApp.swift */ = {isa = PBXFileReference; lastKnownFileType = sourcecode.swift; path = mobileSDK_SampleApp.swift; sourceTree = "<group>"; };
		845FC81B28AE153300C71288 /* MainScreen.swift */ = {isa = PBXFileReference; lastKnownFileType = sourcecode.swift; path = MainScreen.swift; sourceTree = "<group>"; };
		845FC81D28AE153400C71288 /* Assets.xcassets */ = {isa = PBXFileReference; lastKnownFileType = folder.assetcatalog; path = Assets.xcassets; sourceTree = "<group>"; };
		845FC82028AE153400C71288 /* Preview Assets.xcassets */ = {isa = PBXFileReference; lastKnownFileType = folder.assetcatalog; path = "Preview Assets.xcassets"; sourceTree = "<group>"; };
		845FC82828AE157800C71288 /* ecommpaySDK.framework */ = {isa = PBXFileReference; explicitFileType = wrapper.framework; path = ecommpaySDK.framework; sourceTree = BUILT_PRODUCTS_DIR; };
		849DCBAB28B7BF4D00C36361 /* mobileSDK_UI.framework */ = {isa = PBXFileReference; explicitFileType = wrapper.framework; path = mobileSDK_UI.framework; sourceTree = BUILT_PRODUCTS_DIR; };
		84B67B96291251B400DF7550 /* ecommpaySDK_Dev.xcframework */ = {isa = PBXFileReference; lastKnownFileType = wrapper.xcframework; name = ecommpaySDK_Dev.xcframework; path = ../ecommpaySDK_Dev.xcframework; sourceTree = "<group>"; };
		84BCB9692912189B00FAB064 /* RecurrentSettingsScreen.swift */ = {isa = PBXFileReference; lastKnownFileType = sourcecode.swift; path = RecurrentSettingsScreen.swift; sourceTree = "<group>"; };
		84CDC3DF2910DAA100E3EB04 /* ThreeDSecureJsonModels.swift */ = {isa = PBXFileReference; lastKnownFileType = sourcecode.swift; path = ThreeDSecureJsonModels.swift; sourceTree = "<group>"; };
		84CDC3E12910E62D00E3EB04 /* ThreeDSecureScreen.swift */ = {isa = PBXFileReference; lastKnownFileType = sourcecode.swift; path = ThreeDSecureScreen.swift; sourceTree = "<group>"; };
		84CDC3E32911268000E3EB04 /* ExpandingTextView.swift */ = {isa = PBXFileReference; lastKnownFileType = sourcecode.swift; path = ExpandingTextView.swift; sourceTree = "<group>"; };
		8D1CAF7D7DABDC4446272652 /* Pods-EcommpaySampleNL3.debug.xcconfig */ = {isa = PBXFileReference; includeInIndex = 1; lastKnownFileType = text.xcconfig; name = "Pods-EcommpaySampleNL3.debug.xcconfig"; path = "Target Support Files/Pods-EcommpaySampleNL3/Pods-EcommpaySampleNL3.debug.xcconfig"; sourceTree = "<group>"; };
		AF01B1C3587397FC5834D8E0 /* libPods-EcommpaySample.a */ = {isa = PBXFileReference; explicitFileType = archive.ar; includeInIndex = 0; path = "libPods-EcommpaySample.a"; sourceTree = BUILT_PRODUCTS_DIR; };
		B200B4D837ADFB88C0AF14BE /* Pods-EcommpaySample.debug.xcconfig */ = {isa = PBXFileReference; includeInIndex = 1; lastKnownFileType = text.xcconfig; name = "Pods-EcommpaySample.debug.xcconfig"; path = "Target Support Files/Pods-EcommpaySample/Pods-EcommpaySample.debug.xcconfig"; sourceTree = "<group>"; };
		B3AB4768296BFF9700B2EED5 /* RecipientInfoScreen.swift */ = {isa = PBXFileReference; lastKnownFileType = sourcecode.swift; path = RecipientInfoScreen.swift; sourceTree = "<group>"; };
		DCC5E803294DEB03004E8864 /* EcommpaySampleNL3.app */ = {isa = PBXFileReference; explicitFileType = wrapper.application; includeInIndex = 0; path = EcommpaySampleNL3.app; sourceTree = BUILT_PRODUCTS_DIR; };
		F2F27BCB494D2826A1C32252 /* Pods-EcommpaySampleNL3.release.xcconfig */ = {isa = PBXFileReference; includeInIndex = 1; lastKnownFileType = text.xcconfig; name = "Pods-EcommpaySampleNL3.release.xcconfig"; path = "Target Support Files/Pods-EcommpaySampleNL3/Pods-EcommpaySampleNL3.release.xcconfig"; sourceTree = "<group>"; };
/* End PBXFileReference section */

/* Begin PBXFrameworksBuildPhase section */
		845FC81328AE153300C71288 /* Frameworks */ = {
			isa = PBXFrameworksBuildPhase;
			buildActionMask = 2147483647;
			files = (
				84B67BAE29127AD500DF7550 /* ecommpaySDK_Dev.framework in Frameworks */,
				26C53EA2E9282E3DF22DA38A /* libPods-EcommpaySample.a in Frameworks */,
			);
			runOnlyForDeploymentPostprocessing = 0;
		};
		DCC5E7F8294DEB03004E8864 /* Frameworks */ = {
			isa = PBXFrameworksBuildPhase;
			buildActionMask = 2147483647;
			files = (
				DCC5E7F9294DEB03004E8864 /* ecommpaySDK_Dev.framework in Frameworks */,
				67B198A26F9091BBD96A800A /* libPods-EcommpaySampleNL3.a in Frameworks */,
			);
			runOnlyForDeploymentPostprocessing = 0;
		};
/* End PBXFrameworksBuildPhase section */

/* Begin PBXGroup section */
		282458DC041CAAFE17DE2812 /* Pods */ = {
			isa = PBXGroup;
			children = (
				B200B4D837ADFB88C0AF14BE /* Pods-EcommpaySample.debug.xcconfig */,
				1A22FB13FFD6A3E1B565FBB9 /* Pods-EcommpaySample.release.xcconfig */,
				8D1CAF7D7DABDC4446272652 /* Pods-EcommpaySampleNL3.debug.xcconfig */,
				F2F27BCB494D2826A1C32252 /* Pods-EcommpaySampleNL3.release.xcconfig */,
			);
			name = Pods;
			path = ../Pods;
			sourceTree = "<group>";
		};
		8434FB4928B3378E00814D93 /* Common */ = {
			isa = PBXGroup;
			children = (
				8434FB4E28B338A000814D93 /* Utils */,
			);
			path = Common;
			sourceTree = "<group>";
		};
		8434FB4A28B337A800814D93 /* MainScreen */ = {
			isa = PBXGroup;
			children = (
				845FC81B28AE153300C71288 /* MainScreen.swift */,
				845BB1D428B33DFA001C2A24 /* MainScreenState.swift */,
			);
			path = MainScreen;
			sourceTree = "<group>";
		};
		8434FB4E28B338A000814D93 /* Utils */ = {
			isa = PBXGroup;
			children = (
				8434FB4F28B338DB00814D93 /* SignatureUtils.swift */,
				845BB1D828B340A3001C2A24 /* PaymentID.swift */,
			);
			path = Utils;
			sourceTree = "<group>";
		};
		843B503828F5607E00A4F779 /* Products */ = {
			isa = PBXGroup;
			children = (
				843B503E28F5607E00A4F779 /* ecommpaySDK_Dev.framework */,
				843B504028F5607E00A4F779 /* ecommpaySDK.framework */,
				B3AB4767296BFF8200B2EED5 /* mSDK_UI.framework */,
			);
			name = Products;
			sourceTree = "<group>";
		};
		845BB1DC28B3557E001C2A24 /* Brands */ = {
			isa = PBXGroup;
			children = (
				845BB1DD28B35592001C2A24 /* Ecommpay.swift */,
			);
			name = Brands;
			sourceTree = "<group>";
		};
		845FC80D28AE153300C71288 = {
			isa = PBXGroup;
			children = (
				5B8FCBB22AA74EFA0036214F /* EcommpaySampleNL3-Info.plist */,
				843B503728F5607E00A4F779 /* mobileSDK.Facade.xcodeproj */,
				840304B428B74E7E00DE38D3 /* EcommpaySample.entitlements */,
				845FC81828AE153300C71288 /* mobileSDK.SampleApp */,
				845FC81728AE153300C71288 /* Products */,
				845FC82728AE157800C71288 /* Frameworks */,
				282458DC041CAAFE17DE2812 /* Pods */,
			);
			sourceTree = "<group>";
		};
		845FC81728AE153300C71288 /* Products */ = {
			isa = PBXGroup;
			children = (
				845FC81628AE153300C71288 /* EcommpaySample.app */,
				DCC5E803294DEB03004E8864 /* EcommpaySampleNL3.app */,
			);
			name = Products;
			sourceTree = "<group>";
		};
		845FC81828AE153300C71288 /* mobileSDK.SampleApp */ = {
			isa = PBXGroup;
			children = (
				B3AB4762296BFF8200B2EED5 /* RecipientInfoScreen */,
				84BCB9672912185200FAB064 /* RecurrentSettingsScreen */,
				84CDC3DC2910DA3300E3EB04 /* ThreeDSecureScreen */,
				845BB1DC28B3557E001C2A24 /* Brands */,
				8434FB4A28B337A800814D93 /* MainScreen */,
				8434FB4928B3378E00814D93 /* Common */,
				845FC81928AE153300C71288 /* mobileSDK_SampleApp.swift */,
				845FC81D28AE153400C71288 /* Assets.xcassets */,
				845FC81F28AE153400C71288 /* Preview Content */,
			);
			path = mobileSDK.SampleApp;
			sourceTree = "<group>";
		};
		845FC81F28AE153400C71288 /* Preview Content */ = {
			isa = PBXGroup;
			children = (
				845FC82028AE153400C71288 /* Preview Assets.xcassets */,
			);
			path = "Preview Content";
			sourceTree = "<group>";
		};
		845FC82728AE157800C71288 /* Frameworks */ = {
			isa = PBXGroup;
			children = (
				84B67B96291251B400DF7550 /* ecommpaySDK_Dev.xcframework */,
				849DCBAB28B7BF4D00C36361 /* mobileSDK_UI.framework */,
				845FC82828AE157800C71288 /* ecommpaySDK.framework */,
				AF01B1C3587397FC5834D8E0 /* libPods-EcommpaySample.a */,
				4294E69FED21982E082FC020 /* libPods-EcommpaySampleNL3.a */,
			);
			name = Frameworks;
			sourceTree = "<group>";
		};
		84BCB9672912185200FAB064 /* RecurrentSettingsScreen */ = {
			isa = PBXGroup;
			children = (
				84BCB9692912189B00FAB064 /* RecurrentSettingsScreen.swift */,
			);
			path = RecurrentSettingsScreen;
			sourceTree = "<group>";
		};
		84CDC3DC2910DA3300E3EB04 /* ThreeDSecureScreen */ = {
			isa = PBXGroup;
			children = (
				84CDC3DF2910DAA100E3EB04 /* ThreeDSecureJsonModels.swift */,
				84CDC3E12910E62D00E3EB04 /* ThreeDSecureScreen.swift */,
				84CDC3E32911268000E3EB04 /* ExpandingTextView.swift */,
			);
			name = ThreeDSecureScreen;
			sourceTree = "<group>";
		};
		B3AB4762296BFF8200B2EED5 /* RecipientInfoScreen */ = {
			isa = PBXGroup;
			children = (
				B3AB4768296BFF9700B2EED5 /* RecipientInfoScreen.swift */,
			);
			path = RecipientInfoScreen;
			sourceTree = "<group>";
		};
/* End PBXGroup section */

/* Begin PBXNativeTarget section */
		845FC81528AE153300C71288 /* EcommpaySample */ = {
			isa = PBXNativeTarget;
			buildConfigurationList = 845FC82428AE153400C71288 /* Build configuration list for PBXNativeTarget "EcommpaySample" */;
			buildPhases = (
				0B50FB5C11474A3A194141CD /* [CP] Check Pods Manifest.lock */,
				845FC81228AE153300C71288 /* Sources */,
				845FC81328AE153300C71288 /* Frameworks */,
				845FC81428AE153300C71288 /* Resources */,
				84B67BB029127AD500DF7550 /* Embed Frameworks */,
			);
			buildRules = (
			);
			dependencies = (
			);
			name = EcommpaySample;
			productName = mobileSDK.SampleApp;
			productReference = 845FC81628AE153300C71288 /* EcommpaySample.app */;
			productType = "com.apple.product-type.application";
		};
		DCC5E7EB294DEB03004E8864 /* EcommpaySampleNL3 */ = {
			isa = PBXNativeTarget;
			buildConfigurationList = DCC5E800294DEB03004E8864 /* Build configuration list for PBXNativeTarget "EcommpaySampleNL3" */;
			buildPhases = (
				4E5ACB610168E903317FE4E3 /* [CP] Check Pods Manifest.lock */,
				DCC5E7ED294DEB03004E8864 /* Sources */,
				DCC5E7F8294DEB03004E8864 /* Frameworks */,
				DCC5E7FB294DEB03004E8864 /* Resources */,
				DCC5E7FE294DEB03004E8864 /* Embed Frameworks */,
			);
			buildRules = (
			);
			dependencies = (
			);
			name = EcommpaySampleNL3;
			productName = mobileSDK.SampleApp;
			productReference = DCC5E803294DEB03004E8864 /* EcommpaySampleNL3.app */;
			productType = "com.apple.product-type.application";
		};
/* End PBXNativeTarget section */

/* Begin PBXProject section */
		845FC80E28AE153300C71288 /* Project object */ = {
			isa = PBXProject;
			attributes = {
				BuildIndependentTargetsInParallel = 1;
				LastSwiftUpdateCheck = 1340;
				LastUpgradeCheck = 1340;
				TargetAttributes = {
					845FC81528AE153300C71288 = {
						CreatedOnToolsVersion = 13.4.1;
					};
				};
			};
			buildConfigurationList = 845FC81128AE153300C71288 /* Build configuration list for PBXProject "mobileSDK.SampleApp" */;
			compatibilityVersion = "Xcode 13.0";
			developmentRegion = en;
			hasScannedForEncodings = 0;
			knownRegions = (
				en,
				fr,
				de,
				it,
				es,
				hu,
			);
			mainGroup = 845FC80D28AE153300C71288;
			productRefGroup = 845FC81728AE153300C71288 /* Products */;
			projectDirPath = "";
			projectReferences = (
				{
					ProductGroup = 843B503828F5607E00A4F779 /* Products */;
					ProjectRef = 843B503728F5607E00A4F779 /* mobileSDK.Facade.xcodeproj */;
				},
			);
			projectRoot = "";
			targets = (
				DCC5E7EB294DEB03004E8864 /* EcommpaySampleNL3 */,
				845FC81528AE153300C71288 /* EcommpaySample */,
			);
		};
/* End PBXProject section */

/* Begin PBXReferenceProxy section */
		843B503E28F5607E00A4F779 /* ecommpaySDK_Dev.framework */ = {
			isa = PBXReferenceProxy;
			fileType = wrapper.framework;
			path = ecommpaySDK_Dev.framework;
			remoteRef = 843B503D28F5607E00A4F779 /* PBXContainerItemProxy */;
			sourceTree = BUILT_PRODUCTS_DIR;
		};
		843B504028F5607E00A4F779 /* ecommpaySDK.framework */ = {
			isa = PBXReferenceProxy;
			fileType = wrapper.framework;
			path = ecommpaySDK.framework;
			remoteRef = 843B503F28F5607E00A4F779 /* PBXContainerItemProxy */;
			sourceTree = BUILT_PRODUCTS_DIR;
		};
		B3AB4767296BFF8200B2EED5 /* mSDK_UI.framework */ = {
			isa = PBXReferenceProxy;
			fileType = wrapper.framework;
			path = mSDK_UI.framework;
			remoteRef = B3AB4766296BFF8200B2EED5 /* PBXContainerItemProxy */;
			sourceTree = BUILT_PRODUCTS_DIR;
		};
/* End PBXReferenceProxy section */

/* Begin PBXResourcesBuildPhase section */
		845FC81428AE153300C71288 /* Resources */ = {
			isa = PBXResourcesBuildPhase;
			buildActionMask = 2147483647;
			files = (
				845FC82128AE153400C71288 /* Preview Assets.xcassets in Resources */,
				845FC81E28AE153400C71288 /* Assets.xcassets in Resources */,
			);
			runOnlyForDeploymentPostprocessing = 0;
		};
		DCC5E7FB294DEB03004E8864 /* Resources */ = {
			isa = PBXResourcesBuildPhase;
			buildActionMask = 2147483647;
			files = (
				DCC5E7FC294DEB03004E8864 /* Preview Assets.xcassets in Resources */,
				DCC5E7FD294DEB03004E8864 /* Assets.xcassets in Resources */,
			);
			runOnlyForDeploymentPostprocessing = 0;
		};
/* End PBXResourcesBuildPhase section */

/* Begin PBXShellScriptBuildPhase section */
		0B50FB5C11474A3A194141CD /* [CP] Check Pods Manifest.lock */ = {
			isa = PBXShellScriptBuildPhase;
			buildActionMask = 2147483647;
			files = (
			);
			inputFileListPaths = (
			);
			inputPaths = (
				"${PODS_PODFILE_DIR_PATH}/Podfile.lock",
				"${PODS_ROOT}/Manifest.lock",
			);
			name = "[CP] Check Pods Manifest.lock";
			outputFileListPaths = (
			);
			outputPaths = (
				"$(DERIVED_FILE_DIR)/Pods-EcommpaySample-checkManifestLockResult.txt",
			);
			runOnlyForDeploymentPostprocessing = 0;
			shellPath = /bin/sh;
			shellScript = "diff \"${PODS_PODFILE_DIR_PATH}/Podfile.lock\" \"${PODS_ROOT}/Manifest.lock\" > /dev/null\nif [ $? != 0 ] ; then\n    # print error to STDERR\n    echo \"error: The sandbox is not in sync with the Podfile.lock. Run 'pod install' or update your CocoaPods installation.\" >&2\n    exit 1\nfi\n# This output is used by Xcode 'outputs' to avoid re-running this script phase.\necho \"SUCCESS\" > \"${SCRIPT_OUTPUT_FILE_0}\"\n";
			showEnvVarsInLog = 0;
		};
		4E5ACB610168E903317FE4E3 /* [CP] Check Pods Manifest.lock */ = {
			isa = PBXShellScriptBuildPhase;
			buildActionMask = 2147483647;
			files = (
			);
			inputFileListPaths = (
			);
			inputPaths = (
				"${PODS_PODFILE_DIR_PATH}/Podfile.lock",
				"${PODS_ROOT}/Manifest.lock",
			);
			name = "[CP] Check Pods Manifest.lock";
			outputFileListPaths = (
			);
			outputPaths = (
				"$(DERIVED_FILE_DIR)/Pods-EcommpaySampleNL3-checkManifestLockResult.txt",
			);
			runOnlyForDeploymentPostprocessing = 0;
			shellPath = /bin/sh;
			shellScript = "diff \"${PODS_PODFILE_DIR_PATH}/Podfile.lock\" \"${PODS_ROOT}/Manifest.lock\" > /dev/null\nif [ $? != 0 ] ; then\n    # print error to STDERR\n    echo \"error: The sandbox is not in sync with the Podfile.lock. Run 'pod install' or update your CocoaPods installation.\" >&2\n    exit 1\nfi\n# This output is used by Xcode 'outputs' to avoid re-running this script phase.\necho \"SUCCESS\" > \"${SCRIPT_OUTPUT_FILE_0}\"\n";
			showEnvVarsInLog = 0;
		};
/* End PBXShellScriptBuildPhase section */

/* Begin PBXSourcesBuildPhase section */
		845FC81228AE153300C71288 /* Sources */ = {
			isa = PBXSourcesBuildPhase;
			buildActionMask = 2147483647;
			files = (
				845FC81C28AE153300C71288 /* MainScreen.swift in Sources */,
				8434FB5028B338DB00814D93 /* SignatureUtils.swift in Sources */,
				845FC81A28AE153300C71288 /* mobileSDK_SampleApp.swift in Sources */,
				845BB1D928B340A3001C2A24 /* PaymentID.swift in Sources */,
				845BB1D528B33DFA001C2A24 /* MainScreenState.swift in Sources */,
				845BB1DE28B35592001C2A24 /* Ecommpay.swift in Sources */,
				84CDC3E42911268000E3EB04 /* ExpandingTextView.swift in Sources */,
				84BCB96A2912189B00FAB064 /* RecurrentSettingsScreen.swift in Sources */,
				84CDC3E22910E62D00E3EB04 /* ThreeDSecureScreen.swift in Sources */,
				84CDC3E02910DAA100E3EB04 /* ThreeDSecureJsonModels.swift in Sources */,
				B3AB476A296BFF9F00B2EED5 /* RecipientInfoScreen.swift in Sources */,
			);
			runOnlyForDeploymentPostprocessing = 0;
		};
		DCC5E7ED294DEB03004E8864 /* Sources */ = {
			isa = PBXSourcesBuildPhase;
			buildActionMask = 2147483647;
			files = (
				DCC5E7EE294DEB03004E8864 /* MainScreen.swift in Sources */,
				DCC5E7EF294DEB03004E8864 /* SignatureUtils.swift in Sources */,
				DCC5E7F0294DEB03004E8864 /* mobileSDK_SampleApp.swift in Sources */,
				DCC5E7F1294DEB03004E8864 /* PaymentID.swift in Sources */,
				DCC5E7F2294DEB03004E8864 /* MainScreenState.swift in Sources */,
				DCC5E7F3294DEB03004E8864 /* Ecommpay.swift in Sources */,
				DCC5E7F4294DEB03004E8864 /* ExpandingTextView.swift in Sources */,
				DCC5E7F5294DEB03004E8864 /* RecurrentSettingsScreen.swift in Sources */,
				DCC5E7F6294DEB03004E8864 /* ThreeDSecureScreen.swift in Sources */,
				DCC5E7F7294DEB03004E8864 /* ThreeDSecureJsonModels.swift in Sources */,
				B3AB4769296BFF9700B2EED5 /* RecipientInfoScreen.swift in Sources */,
			);
			runOnlyForDeploymentPostprocessing = 0;
		};
/* End PBXSourcesBuildPhase section */

/* Begin XCBuildConfiguration section */
		845FC82228AE153400C71288 /* Debug */ = {
			isa = XCBuildConfiguration;
			buildSettings = {
				ALWAYS_SEARCH_USER_PATHS = NO;
				CLANG_ANALYZER_NONNULL = YES;
				CLANG_ANALYZER_NUMBER_OBJECT_CONVERSION = YES_AGGRESSIVE;
				CLANG_CXX_LANGUAGE_STANDARD = "gnu++17";
				CLANG_ENABLE_MODULES = YES;
				CLANG_ENABLE_OBJC_ARC = YES;
				CLANG_ENABLE_OBJC_WEAK = YES;
				CLANG_WARN_BLOCK_CAPTURE_AUTORELEASING = YES;
				CLANG_WARN_BOOL_CONVERSION = YES;
				CLANG_WARN_COMMA = YES;
				CLANG_WARN_CONSTANT_CONVERSION = YES;
				CLANG_WARN_DEPRECATED_OBJC_IMPLEMENTATIONS = YES;
				CLANG_WARN_DIRECT_OBJC_ISA_USAGE = YES_ERROR;
				CLANG_WARN_DOCUMENTATION_COMMENTS = YES;
				CLANG_WARN_EMPTY_BODY = YES;
				CLANG_WARN_ENUM_CONVERSION = YES;
				CLANG_WARN_INFINITE_RECURSION = YES;
				CLANG_WARN_INT_CONVERSION = YES;
				CLANG_WARN_NON_LITERAL_NULL_CONVERSION = YES;
				CLANG_WARN_OBJC_IMPLICIT_RETAIN_SELF = YES;
				CLANG_WARN_OBJC_LITERAL_CONVERSION = YES;
				CLANG_WARN_OBJC_ROOT_CLASS = YES_ERROR;
				CLANG_WARN_QUOTED_INCLUDE_IN_FRAMEWORK_HEADER = YES;
				CLANG_WARN_RANGE_LOOP_ANALYSIS = YES;
				CLANG_WARN_STRICT_PROTOTYPES = YES;
				CLANG_WARN_SUSPICIOUS_MOVE = YES;
				CLANG_WARN_UNGUARDED_AVAILABILITY = YES_AGGRESSIVE;
				CLANG_WARN_UNREACHABLE_CODE = YES;
				CLANG_WARN__DUPLICATE_METHOD_MATCH = YES;
				COPY_PHASE_STRIP = NO;
				DEBUG_INFORMATION_FORMAT = dwarf;
				ENABLE_STRICT_OBJC_MSGSEND = YES;
				ENABLE_TESTABILITY = YES;
				EXCLUDED_ARCHS = "";
				GCC_C_LANGUAGE_STANDARD = gnu11;
				GCC_DYNAMIC_NO_PIC = NO;
				GCC_NO_COMMON_BLOCKS = YES;
				GCC_OPTIMIZATION_LEVEL = 0;
				GCC_PREPROCESSOR_DEFINITIONS = (
					"DEBUG=1",
					"$(inherited)",
				);
				GCC_WARN_64_TO_32_BIT_CONVERSION = YES;
				GCC_WARN_ABOUT_RETURN_TYPE = YES_ERROR;
				GCC_WARN_UNDECLARED_SELECTOR = YES;
				GCC_WARN_UNINITIALIZED_AUTOS = YES_AGGRESSIVE;
				GCC_WARN_UNUSED_FUNCTION = YES;
				GCC_WARN_UNUSED_VARIABLE = YES;
				IPHONEOS_DEPLOYMENT_TARGET = 14.0;
				MTL_ENABLE_DEBUG_INFO = INCLUDE_SOURCE;
				MTL_FAST_MATH = YES;
				ONLY_ACTIVE_ARCH = YES;
				SDKROOT = iphoneos;
				SWIFT_ACTIVE_COMPILATION_CONDITIONS = DEBUG;
				SWIFT_OPTIMIZATION_LEVEL = "-Onone";
			};
			name = Debug;
		};
		845FC82328AE153400C71288 /* Release */ = {
			isa = XCBuildConfiguration;
			buildSettings = {
				ALWAYS_SEARCH_USER_PATHS = NO;
				CLANG_ANALYZER_NONNULL = YES;
				CLANG_ANALYZER_NUMBER_OBJECT_CONVERSION = YES_AGGRESSIVE;
				CLANG_CXX_LANGUAGE_STANDARD = "gnu++17";
				CLANG_ENABLE_MODULES = YES;
				CLANG_ENABLE_OBJC_ARC = YES;
				CLANG_ENABLE_OBJC_WEAK = YES;
				CLANG_WARN_BLOCK_CAPTURE_AUTORELEASING = YES;
				CLANG_WARN_BOOL_CONVERSION = YES;
				CLANG_WARN_COMMA = YES;
				CLANG_WARN_CONSTANT_CONVERSION = YES;
				CLANG_WARN_DEPRECATED_OBJC_IMPLEMENTATIONS = YES;
				CLANG_WARN_DIRECT_OBJC_ISA_USAGE = YES_ERROR;
				CLANG_WARN_DOCUMENTATION_COMMENTS = YES;
				CLANG_WARN_EMPTY_BODY = YES;
				CLANG_WARN_ENUM_CONVERSION = YES;
				CLANG_WARN_INFINITE_RECURSION = YES;
				CLANG_WARN_INT_CONVERSION = YES;
				CLANG_WARN_NON_LITERAL_NULL_CONVERSION = YES;
				CLANG_WARN_OBJC_IMPLICIT_RETAIN_SELF = YES;
				CLANG_WARN_OBJC_LITERAL_CONVERSION = YES;
				CLANG_WARN_OBJC_ROOT_CLASS = YES_ERROR;
				CLANG_WARN_QUOTED_INCLUDE_IN_FRAMEWORK_HEADER = YES;
				CLANG_WARN_RANGE_LOOP_ANALYSIS = YES;
				CLANG_WARN_STRICT_PROTOTYPES = YES;
				CLANG_WARN_SUSPICIOUS_MOVE = YES;
				CLANG_WARN_UNGUARDED_AVAILABILITY = YES_AGGRESSIVE;
				CLANG_WARN_UNREACHABLE_CODE = YES;
				CLANG_WARN__DUPLICATE_METHOD_MATCH = YES;
				COPY_PHASE_STRIP = NO;
				DEBUG_INFORMATION_FORMAT = "dwarf-with-dsym";
				ENABLE_NS_ASSERTIONS = NO;
				ENABLE_STRICT_OBJC_MSGSEND = YES;
				GCC_C_LANGUAGE_STANDARD = gnu11;
				GCC_NO_COMMON_BLOCKS = YES;
				GCC_WARN_64_TO_32_BIT_CONVERSION = YES;
				GCC_WARN_ABOUT_RETURN_TYPE = YES_ERROR;
				GCC_WARN_UNDECLARED_SELECTOR = YES;
				GCC_WARN_UNINITIALIZED_AUTOS = YES_AGGRESSIVE;
				GCC_WARN_UNUSED_FUNCTION = YES;
				GCC_WARN_UNUSED_VARIABLE = YES;
				IPHONEOS_DEPLOYMENT_TARGET = 14.0;
				MTL_ENABLE_DEBUG_INFO = NO;
				MTL_FAST_MATH = YES;
				SDKROOT = iphoneos;
				SWIFT_COMPILATION_MODE = wholemodule;
				SWIFT_OPTIMIZATION_LEVEL = "-O";
				VALIDATE_PRODUCT = YES;
			};
			name = Release;
		};
		845FC82528AE153400C71288 /* Debug */ = {
			isa = XCBuildConfiguration;
			baseConfigurationReference = B200B4D837ADFB88C0AF14BE /* Pods-EcommpaySample.debug.xcconfig */;
			buildSettings = {
				ASSETCATALOG_COMPILER_APPICON_NAME = AppIcon;
				ASSETCATALOG_COMPILER_GLOBAL_ACCENT_COLOR_NAME = AccentColor;
				CODE_SIGN_ENTITLEMENTS = EcommpaySample.entitlements;
				CODE_SIGN_IDENTITY = "Apple Development";
				CODE_SIGN_STYLE = Automatic;
				CURRENT_PROJECT_VERSION = 78;
				DEVELOPMENT_ASSET_PATHS = "\"mobileSDK.SampleApp/Preview Content\"";
				DEVELOPMENT_TEAM = 4287668275;
				ENABLE_PREVIEWS = YES;
				GENERATE_INFOPLIST_FILE = YES;
				INFOPLIST_KEY_NSCameraUsageDescription = "Permission is needed in order to scan cards";
				INFOPLIST_KEY_UIApplicationSceneManifest_Generation = YES;
				INFOPLIST_KEY_UIApplicationSupportsIndirectInputEvents = YES;
				INFOPLIST_KEY_UILaunchScreen_Generation = YES;
				INFOPLIST_KEY_UISupportedInterfaceOrientations_iPad = "UIInterfaceOrientationPortrait UIInterfaceOrientationPortraitUpsideDown UIInterfaceOrientationLandscapeLeft UIInterfaceOrientationLandscapeRight";
				INFOPLIST_KEY_UISupportedInterfaceOrientations_iPhone = "UIInterfaceOrientationPortrait UIInterfaceOrientationLandscapeLeft UIInterfaceOrientationLandscapeRight";
				IPHONEOS_DEPLOYMENT_TARGET = 15.6;
				LD_RUNPATH_SEARCH_PATHS = (
					"$(inherited)",
					"@executable_path/Frameworks",
				);
				MARKETING_VERSION = 1.0.0;
				OTHER_SWIFT_FLAGS = "";
				PRODUCT_BUNDLE_IDENTIFIER = com.ecommpay.sdk.testclient;
				PRODUCT_NAME = "$(TARGET_NAME)";
				PROVISIONING_PROFILE_SPECIFIER = "";
				SWIFT_EMIT_LOC_STRINGS = YES;
				SWIFT_VERSION = 5.0;
				TARGETED_DEVICE_FAMILY = "1,2";
			};
			name = Debug;
		};
		845FC82628AE153400C71288 /* Release */ = {
			isa = XCBuildConfiguration;
			baseConfigurationReference = 1A22FB13FFD6A3E1B565FBB9 /* Pods-EcommpaySample.release.xcconfig */;
			buildSettings = {
				ASSETCATALOG_COMPILER_APPICON_NAME = AppIcon;
				ASSETCATALOG_COMPILER_GLOBAL_ACCENT_COLOR_NAME = AccentColor;
				CODE_SIGN_ENTITLEMENTS = EcommpaySample.entitlements;
				CODE_SIGN_IDENTITY = "Apple Development";
				CODE_SIGN_STYLE = Automatic;
				CURRENT_PROJECT_VERSION = 78;
				DEVELOPMENT_ASSET_PATHS = "\"mobileSDK.SampleApp/Preview Content\"";
				DEVELOPMENT_TEAM = 4287668275;
				ENABLE_PREVIEWS = YES;
				GENERATE_INFOPLIST_FILE = YES;
				INFOPLIST_KEY_NSCameraUsageDescription = "Permission is needed in order to scan cards";
				INFOPLIST_KEY_UIApplicationSceneManifest_Generation = YES;
				INFOPLIST_KEY_UIApplicationSupportsIndirectInputEvents = YES;
				INFOPLIST_KEY_UILaunchScreen_Generation = YES;
				INFOPLIST_KEY_UISupportedInterfaceOrientations_iPad = "UIInterfaceOrientationPortrait UIInterfaceOrientationPortraitUpsideDown UIInterfaceOrientationLandscapeLeft UIInterfaceOrientationLandscapeRight";
				INFOPLIST_KEY_UISupportedInterfaceOrientations_iPhone = "UIInterfaceOrientationPortrait UIInterfaceOrientationLandscapeLeft UIInterfaceOrientationLandscapeRight";
				IPHONEOS_DEPLOYMENT_TARGET = 15.6;
				LD_RUNPATH_SEARCH_PATHS = (
					"$(inherited)",
					"@executable_path/Frameworks",
				);
				MARKETING_VERSION = 1.0.0;
				OTHER_SWIFT_FLAGS = "";
				PRODUCT_BUNDLE_IDENTIFIER = com.ecommpay.sdk.testclient;
				PRODUCT_NAME = "$(TARGET_NAME)";
				PROVISIONING_PROFILE_SPECIFIER = "";
				SWIFT_EMIT_LOC_STRINGS = YES;
				SWIFT_VERSION = 5.0;
				TARGETED_DEVICE_FAMILY = "1,2";
			};
			name = Release;
		};
		DCC5E801294DEB03004E8864 /* Debug */ = {
			isa = XCBuildConfiguration;
			baseConfigurationReference = 8D1CAF7D7DABDC4446272652 /* Pods-EcommpaySampleNL3.debug.xcconfig */;
			buildSettings = {
				ASSETCATALOG_COMPILER_APPICON_NAME = AppIcon;
				ASSETCATALOG_COMPILER_GLOBAL_ACCENT_COLOR_NAME = AccentColor;
				CODE_SIGN_ENTITLEMENTS = EcommpaySample.entitlements;
				CODE_SIGN_IDENTITY = "Apple Development";
				CODE_SIGN_STYLE = Automatic;
				CURRENT_PROJECT_VERSION = 78;
				DEVELOPMENT_ASSET_PATHS = "\"mobileSDK.SampleApp/Preview Content\"";
				DEVELOPMENT_TEAM = 4287668275;
				ENABLE_PREVIEWS = YES;
				GENERATE_INFOPLIST_FILE = YES;
				INFOPLIST_FILE = "EcommpaySampleNL3-Info.plist";
				INFOPLIST_KEY_NSCameraUsageDescription = "Permission is needed in order to scan cards";
				INFOPLIST_KEY_UIApplicationSceneManifest_Generation = YES;
				INFOPLIST_KEY_UIApplicationSupportsIndirectInputEvents = YES;
				INFOPLIST_KEY_UILaunchScreen_Generation = YES;
				INFOPLIST_KEY_UISupportedInterfaceOrientations_iPad = "UIInterfaceOrientationPortrait UIInterfaceOrientationPortraitUpsideDown UIInterfaceOrientationLandscapeLeft UIInterfaceOrientationLandscapeRight";
				INFOPLIST_KEY_UISupportedInterfaceOrientations_iPhone = "UIInterfaceOrientationPortrait UIInterfaceOrientationLandscapeLeft UIInterfaceOrientationLandscapeRight";
				IPHONEOS_DEPLOYMENT_TARGET = 15.6;
				LD_RUNPATH_SEARCH_PATHS = (
					"$(inherited)",
					"@executable_path/Frameworks",
				);
				MARKETING_VERSION = 1.0.2;
				OTHER_SWIFT_FLAGS = "-D NL3";
				PRODUCT_BUNDLE_IDENTIFIER = com.ecommpay.sdk.testclient;
				PRODUCT_NAME = "$(TARGET_NAME)";
				PROVISIONING_PROFILE_SPECIFIER = "";
				SWIFT_EMIT_LOC_STRINGS = YES;
				SWIFT_VERSION = 5.0;
				TARGETED_DEVICE_FAMILY = "1,2";
			};
			name = Debug;
		};
		DCC5E802294DEB03004E8864 /* Release */ = {
			isa = XCBuildConfiguration;
			baseConfigurationReference = F2F27BCB494D2826A1C32252 /* Pods-EcommpaySampleNL3.release.xcconfig */;
			buildSettings = {
				ASSETCATALOG_COMPILER_APPICON_NAME = AppIcon;
				ASSETCATALOG_COMPILER_GLOBAL_ACCENT_COLOR_NAME = AccentColor;
				CODE_SIGN_ENTITLEMENTS = EcommpaySample.entitlements;
				CODE_SIGN_IDENTITY = "Apple Development";
				"CODE_SIGN_IDENTITY[sdk=iphoneos*]" = "iPhone Distribution";
				CODE_SIGN_STYLE = Manual;
				CURRENT_PROJECT_VERSION = 78;
				DEVELOPMENT_ASSET_PATHS = "\"mobileSDK.SampleApp/Preview Content\"";
				DEVELOPMENT_TEAM = "";
				"DEVELOPMENT_TEAM[sdk=iphoneos*]" = 4287668275;
				ENABLE_PREVIEWS = YES;
				GENERATE_INFOPLIST_FILE = YES;
				INFOPLIST_FILE = "EcommpaySampleNL3-Info.plist";
				INFOPLIST_KEY_NSCameraUsageDescription = "Permission is needed in order to scan cards";
				INFOPLIST_KEY_UIApplicationSceneManifest_Generation = YES;
				INFOPLIST_KEY_UIApplicationSupportsIndirectInputEvents = YES;
				INFOPLIST_KEY_UILaunchScreen_Generation = YES;
				INFOPLIST_KEY_UISupportedInterfaceOrientations_iPad = "UIInterfaceOrientationPortrait UIInterfaceOrientationPortraitUpsideDown UIInterfaceOrientationLandscapeLeft UIInterfaceOrientationLandscapeRight";
				INFOPLIST_KEY_UISupportedInterfaceOrientations_iPhone = "UIInterfaceOrientationPortrait UIInterfaceOrientationLandscapeLeft UIInterfaceOrientationLandscapeRight";
				IPHONEOS_DEPLOYMENT_TARGET = 15.6;
				LD_RUNPATH_SEARCH_PATHS = (
					"$(inherited)",
					"@executable_path/Frameworks",
				);
				MARKETING_VERSION = 1.0.2;
				OTHER_SWIFT_FLAGS = "-D NL3";
				PRODUCT_BUNDLE_IDENTIFIER = com.ecommpay.sdk.testclient;
				PRODUCT_NAME = "$(TARGET_NAME)";
				PROVISIONING_PROFILE_SPECIFIER = "";
				"PROVISIONING_PROFILE_SPECIFIER[sdk=iphoneos*]" = "match AdHoc com.ecommpay.sdk.testclient";
				SWIFT_EMIT_LOC_STRINGS = YES;
				SWIFT_VERSION = 5.0;
				TARGETED_DEVICE_FAMILY = "1,2";
			};
			name = Release;
		};
/* End XCBuildConfiguration section */

/* Begin XCConfigurationList section */
		845FC81128AE153300C71288 /* Build configuration list for PBXProject "mobileSDK.SampleApp" */ = {
			isa = XCConfigurationList;
			buildConfigurations = (
				845FC82228AE153400C71288 /* Debug */,
				845FC82328AE153400C71288 /* Release */,
			);
			defaultConfigurationIsVisible = 0;
			defaultConfigurationName = Release;
		};
		845FC82428AE153400C71288 /* Build configuration list for PBXNativeTarget "EcommpaySample" */ = {
			isa = XCConfigurationList;
			buildConfigurations = (
				845FC82528AE153400C71288 /* Debug */,
				845FC82628AE153400C71288 /* Release */,
			);
			defaultConfigurationIsVisible = 0;
			defaultConfigurationName = Release;
		};
		DCC5E800294DEB03004E8864 /* Build configuration list for PBXNativeTarget "EcommpaySampleNL3" */ = {
			isa = XCConfigurationList;
			buildConfigurations = (
				DCC5E801294DEB03004E8864 /* Debug */,
				DCC5E802294DEB03004E8864 /* Release */,
			);
			defaultConfigurationIsVisible = 0;
			defaultConfigurationName = Release;
		};
/* End XCConfigurationList section */
	};
	rootObject = 845FC80E28AE153300C71288 /* Project object */;
}
